// !$*UTF8*$!
{
	archiveVersion = 1;
	classes = {
	};
	objectVersion = 50;
	objects = {

/* Begin PBXBuildFile section */
		4E02E221237267180006379B /* intro1.png in Resources */ = {isa = PBXBuildFile; fileRef = 4E02E220237267170006379B /* intro1.png */; };
		4E02E226237267720006379B /* intro5.png in Resources */ = {isa = PBXBuildFile; fileRef = 4E02E222237267710006379B /* intro5.png */; };
		4E02E227237267720006379B /* intro2.png in Resources */ = {isa = PBXBuildFile; fileRef = 4E02E223237267710006379B /* intro2.png */; };
		4E02E228237267720006379B /* intro3.png in Resources */ = {isa = PBXBuildFile; fileRef = 4E02E224237267720006379B /* intro3.png */; };
		4E02E229237267720006379B /* intro4.png in Resources */ = {isa = PBXBuildFile; fileRef = 4E02E225237267720006379B /* intro4.png */; };
		4E02E22C23727ABA0006379B /* ORWebViewController.m in Sources */ = {isa = PBXBuildFile; fileRef = 4E02E22B23727ABA0006379B /* ORWebViewController.m */; };
		4E02E22E2372854A0006379B /* LOGO in Resources */ = {isa = PBXBuildFile; fileRef = 4E02E22D237285490006379B /* LOGO */; };
		4E02E2312373E4300006379B /* FacilityList.m in Sources */ = {isa = PBXBuildFile; fileRef = 4E02E2302373E4300006379B /* FacilityList.m */; };
		4E065735231E7F9300884D79 /* AppDelegate.m in Sources */ = {isa = PBXBuildFile; fileRef = 4E065734231E7F9300884D79 /* AppDelegate.m */; };
		4E065738231E7F9300884D79 /* ViewController.m in Sources */ = {isa = PBXBuildFile; fileRef = 4E065737231E7F9300884D79 /* ViewController.m */; };
		4E06573B231E7F9300884D79 /* Main.storyboard in Resources */ = {isa = PBXBuildFile; fileRef = 4E065739231E7F9300884D79 /* Main.storyboard */; };
		4E06573D231E7F9A00884D79 /* Assets.xcassets in Resources */ = {isa = PBXBuildFile; fileRef = 4E06573C231E7F9A00884D79 /* Assets.xcassets */; };
		4E065740231E7F9A00884D79 /* LaunchScreen.storyboard in Resources */ = {isa = PBXBuildFile; fileRef = 4E06573E231E7F9A00884D79 /* LaunchScreen.storyboard */; };
		4E065743231E7F9A00884D79 /* main.m in Sources */ = {isa = PBXBuildFile; fileRef = 4E065742231E7F9A00884D79 /* main.m */; };
		4E12D77D2320D50200D4A545 /* Introduction.m in Sources */ = {isa = PBXBuildFile; fileRef = 4E12D77C2320D50200D4A545 /* Introduction.m */; };
		4E12D7892320D93E00D4A545 /* README.txt in Resources */ = {isa = PBXBuildFile; fileRef = 4E12D7872320D93E00D4A545 /* README.txt */; };
		4E12D78F23223A2F00D4A545 /* ORViewController.m in Sources */ = {isa = PBXBuildFile; fileRef = 4E12D78E23223A2F00D4A545 /* ORViewController.m */; };
		4E12D7922322577F00D4A545 /* LoginOrReg.m in Sources */ = {isa = PBXBuildFile; fileRef = 4E12D7912322577F00D4A545 /* LoginOrReg.m */; };
		4E12D796232297B900D4A545 /* RegisterViewController.m in Sources */ = {isa = PBXBuildFile; fileRef = 4E12D795232297B900D4A545 /* RegisterViewController.m */; };
		4E12D79823229B5000D4A545 /* icon64_appwx_logo.png in Resources */ = {isa = PBXBuildFile; fileRef = 4E12D79723229B5000D4A545 /* icon64_appwx_logo.png */; };
		4E12D79B2322C3D400D4A545 /* SystemConfiguration.framework in Frameworks */ = {isa = PBXBuildFile; fileRef = 4E12D79A2322C3D400D4A545 /* SystemConfiguration.framework */; };
		4E12D7A32322C40F00D4A545 /* Security.framework in Frameworks */ = {isa = PBXBuildFile; fileRef = 4E12D7A22322C40E00D4A545 /* Security.framework */; };
		4E12D7A52322C42000D4A545 /* CoreTelephony.framework in Frameworks */ = {isa = PBXBuildFile; fileRef = 4E12D7A42322C42000D4A545 /* CoreTelephony.framework */; };
		4E12D7A72322CA7600D4A545 /* CFNetwork.framework in Frameworks */ = {isa = PBXBuildFile; fileRef = 4E12D7A62322CA7600D4A545 /* CFNetwork.framework */; };
		4E12D7A92322CA9F00D4A545 /* Foundation.framework in Frameworks */ = {isa = PBXBuildFile; fileRef = 4E12D7A82322CA9E00D4A545 /* Foundation.framework */; };
		4E12D7AA2322CABD00D4A545 /* libz.tbd in Frameworks */ = {isa = PBXBuildFile; fileRef = 4E12D79E2322C3F700D4A545 /* libz.tbd */; };
		4E12D7AB2322CAC400D4A545 /* libsqlite3.tbd in Frameworks */ = {isa = PBXBuildFile; fileRef = 4E12D79C2322C3EE00D4A545 /* libsqlite3.tbd */; };
		4E12D7AE2322D38000D4A545 /* WXApiManager.m in Sources */ = {isa = PBXBuildFile; fileRef = 4E12D7AD2322D38000D4A545 /* WXApiManager.m */; };
		4E1672352376617000F6FD8E /* Office.m in Sources */ = {isa = PBXBuildFile; fileRef = 4E1672342376617000F6FD8E /* Office.m */; };
		4E167238237662A800F6FD8E /* Company.m in Sources */ = {isa = PBXBuildFile; fileRef = 4E167237237662A800F6FD8E /* Company.m */; };
		4E16723B2376943900F6FD8E /* SearchMeetingRoom.m in Sources */ = {isa = PBXBuildFile; fileRef = 4E16723A2376943900F6FD8E /* SearchMeetingRoom.m */; };
		4E16723E2377ECE300F6FD8E /* KonnectNews.m in Sources */ = {isa = PBXBuildFile; fileRef = 4E16723D2377ECE300F6FD8E /* KonnectNews.m */; };
		4E1672412377F2BF00F6FD8E /* AboutKonnect.m in Sources */ = {isa = PBXBuildFile; fileRef = 4E1672402377F2BF00F6FD8E /* AboutKonnect.m */; };
		4E16724423781C9B00F6FD8E /* Events.m in Sources */ = {isa = PBXBuildFile; fileRef = 4E16724323781C9B00F6FD8E /* Events.m */; };
		4E167248237847FD00F6FD8E /* EventDetails.m in Sources */ = {isa = PBXBuildFile; fileRef = 4E167247237847FD00F6FD8E /* EventDetails.m */; };
		4E16724B2378EEBF00F6FD8E /* Reservations.m in Sources */ = {isa = PBXBuildFile; fileRef = 4E16724A2378EEBF00F6FD8E /* Reservations.m */; };
		4E167251237A4FF000F6FD8E /* BuyPrintQuota.m in Sources */ = {isa = PBXBuildFile; fileRef = 4E167250237A4FF000F6FD8E /* BuyPrintQuota.m */; };
		4E167254237A503400F6FD8E /* AssoPIcker.m in Sources */ = {isa = PBXBuildFile; fileRef = 4E167253237A503400F6FD8E /* AssoPIcker.m */; };
		4E167257237A72B600F6FD8E /* OfficeNotifications.m in Sources */ = {isa = PBXBuildFile; fileRef = 4E167256237A72B600F6FD8E /* OfficeNotifications.m */; };
		4E16725A237A9B3900F6FD8E /* MeetingRoomList.m in Sources */ = {isa = PBXBuildFile; fileRef = 4E167259237A9B3900F6FD8E /* MeetingRoomList.m */; };
		4E16725D237AB24F00F6FD8E /* MeetingRoom.m in Sources */ = {isa = PBXBuildFile; fileRef = 4E16725C237AB24F00F6FD8E /* MeetingRoom.m */; };
		4E16725F237BCAC500F6FD8E /* GoldBg.png in Resources */ = {isa = PBXBuildFile; fileRef = 4E16725E237BCAC400F6FD8E /* GoldBg.png */; };
		4E18D7842341EA5B00039811 /* logo-small.png in Resources */ = {isa = PBXBuildFile; fileRef = 4E18D7832341EA5B00039811 /* logo-small.png */; };
		4E18D78A2341EAA600039811 /* scanqr.png in Resources */ = {isa = PBXBuildFile; fileRef = 4E18D7852341EAA500039811 /* scanqr.png */; };
		4E18D78B2341EAA600039811 /* msg.png in Resources */ = {isa = PBXBuildFile; fileRef = 4E18D7862341EAA500039811 /* msg.png */; };
		4E18D78C2341EAA600039811 /* home.png in Resources */ = {isa = PBXBuildFile; fileRef = 4E18D7872341EAA500039811 /* home.png */; };
		4E18D78D2341EAA600039811 /* me.png in Resources */ = {isa = PBXBuildFile; fileRef = 4E18D7882341EAA500039811 /* me.png */; };
		4E18D78E2341EAA600039811 /* cs.png in Resources */ = {isa = PBXBuildFile; fileRef = 4E18D7892341EAA500039811 /* cs.png */; };
		4E18D7902341FAA300039811 /* backbtnwhite.png in Resources */ = {isa = PBXBuildFile; fileRef = 4E18D78F2341FAA300039811 /* backbtnwhite.png */; };
		4E18D7922342130800039811 /* normalmember.png in Resources */ = {isa = PBXBuildFile; fileRef = 4E18D7912342130800039811 /* normalmember.png */; };
		4E18D7942342F5F400039811 /* rightarrow.png in Resources */ = {isa = PBXBuildFile; fileRef = 4E18D7932342F5F400039811 /* rightarrow.png */; };
		4E18D79B2344567F00039811 /* restauranticon.png in Resources */ = {isa = PBXBuildFile; fileRef = 4E18D7982344567F00039811 /* restauranticon.png */; };
		4E18D79C2344567F00039811 /* officeicon.png in Resources */ = {isa = PBXBuildFile; fileRef = 4E18D7992344567F00039811 /* officeicon.png */; };
		4E18D79D2344567F00039811 /* conferenceicon.png in Resources */ = {isa = PBXBuildFile; fileRef = 4E18D79A2344567F00039811 /* conferenceicon.png */; };
		4E18D7A12345C21700039811 /* MessageList.m in Sources */ = {isa = PBXBuildFile; fileRef = 4E18D7A02345C21700039811 /* MessageList.m */; };
		4E18D7A32345D7E700039811 /* notificationicon.png in Resources */ = {isa = PBXBuildFile; fileRef = 4E18D7A22345D7E700039811 /* notificationicon.png */; };
		4E18D7A62345FF3D00039811 /* MessageDetails.m in Sources */ = {isa = PBXBuildFile; fileRef = 4E18D7A52345FF3C00039811 /* MessageDetails.m */; };
		4E18D7AA234700B400039811 /* ScanQR.m in Sources */ = {isa = PBXBuildFile; fileRef = 4E18D7A9234700B400039811 /* ScanQR.m */; };
		4E18D7AC2347041E00039811 /* AVFoundation.framework in Frameworks */ = {isa = PBXBuildFile; fileRef = 4E18D7AB2347041E00039811 /* AVFoundation.framework */; };
		4E18D7B023470D6300039811 /* My.m in Sources */ = {isa = PBXBuildFile; fileRef = 4E18D7AF23470D6300039811 /* My.m */; };
		4E18D7B4234718F500039811 /* AudioToolbox.framework in Frameworks */ = {isa = PBXBuildFile; fileRef = 4E18D7B3234718F500039811 /* AudioToolbox.framework */; };
		4E18D7B8234728FB00039811 /* editinfo.png in Resources */ = {isa = PBXBuildFile; fileRef = 4E18D7B7234728FB00039811 /* editinfo.png */; };
		4E18D7BF23472D1000039811 /* coupons.png in Resources */ = {isa = PBXBuildFile; fileRef = 4E18D7B923472D0F00039811 /* coupons.png */; };
		4E18D7C023472D1000039811 /* appointments.png in Resources */ = {isa = PBXBuildFile; fileRef = 4E18D7BA23472D0F00039811 /* appointments.png */; };
		4E18D7C123472D1000039811 /* pointshistory.png in Resources */ = {isa = PBXBuildFile; fileRef = 4E18D7BB23472D1000039811 /* pointshistory.png */; };
		4E18D7C223472D1000039811 /* referral.png in Resources */ = {isa = PBXBuildFile; fileRef = 4E18D7BC23472D1000039811 /* referral.png */; };
		4E18D7C323472D1000039811 /* office.png in Resources */ = {isa = PBXBuildFile; fileRef = 4E18D7BD23472D1000039811 /* office.png */; };
		4E18D7C423472D1000039811 /* waller.png in Resources */ = {isa = PBXBuildFile; fileRef = 4E18D7BE23472D1000039811 /* waller.png */; };
		4E18D7C72347429C00039811 /* EditInfo.m in Sources */ = {isa = PBXBuildFile; fileRef = 4E18D7C62347429C00039811 /* EditInfo.m */; };
		4E18D7CA234743C000039811 /* ORTableViewController.m in Sources */ = {isa = PBXBuildFile; fileRef = 4E18D7C9234743C000039811 /* ORTableViewController.m */; };
		4E3CA9F823248DE100FE655B /* KApiManager.m in Sources */ = {isa = PBXBuildFile; fileRef = 4E3CA9F723248DE100FE655B /* KApiManager.m */; };
		4E3CA9FC2329F60300FE655B /* RegisterPassword.m in Sources */ = {isa = PBXBuildFile; fileRef = 4E3CA9FB2329F60300FE655B /* RegisterPassword.m */; };
		4E6F69772355B0DF003B52D3 /* phone.png in Resources */ = {isa = PBXBuildFile; fileRef = 4E6F69762355B0DE003B52D3 /* phone.png */; };
		4E6F69792355B34E003B52D3 /* wechatshare.png in Resources */ = {isa = PBXBuildFile; fileRef = 4E6F69782355B34E003B52D3 /* wechatshare.png */; };
		4E88652B23D6B1A6009330CF /* membertierlegacy.png in Resources */ = {isa = PBXBuildFile; fileRef = 4E88652823D6B1A5009330CF /* membertierlegacy.png */; };
		4E88652C23D6B1A6009330CF /* membertiermember.png in Resources */ = {isa = PBXBuildFile; fileRef = 4E88652923D6B1A5009330CF /* membertiermember.png */; };
		4E88652D23D6B1A6009330CF /* membertiervip.png in Resources */ = {isa = PBXBuildFile; fileRef = 4E88652A23D6B1A6009330CF /* membertiervip.png */; };
		4E991C4C2374596500DEBE01 /* ServiceOffice.m in Sources */ = {isa = PBXBuildFile; fileRef = 4E991C4B2374596500DEBE01 /* ServiceOffice.m */; };
		4E991C4F23745D8E00DEBE01 /* ORCarousel.m in Sources */ = {isa = PBXBuildFile; fileRef = 4E991C4E23745D8E00DEBE01 /* ORCarousel.m */; };
		4E9C0FA02350EB46005285A4 /* Facility.m in Sources */ = {isa = PBXBuildFile; fileRef = 4E9C0F9F2350EB46005285A4 /* Facility.m */; };
		4E9C0FA7235432E4005285A4 /* ImageList.m in Sources */ = {isa = PBXBuildFile; fileRef = 4E9C0FA6235432E4005285A4 /* ImageList.m */; };
		4E9C0FAA23543C3C005285A4 /* ImageZoomViewController.m in Sources */ = {isa = PBXBuildFile; fileRef = 4E9C0FA823543C3C005285A4 /* ImageZoomViewController.m */; };
		4E9C0FAD23543C4B005285A4 /* ImageGallery.m in Sources */ = {isa = PBXBuildFile; fileRef = 4E9C0FAC23543C4A005285A4 /* ImageGallery.m */; };
		4E9C0FB023545984005285A4 /* Booking.m in Sources */ = {isa = PBXBuildFile; fileRef = 4E9C0FAF23545984005285A4 /* Booking.m */; };
		4E9F7CC823752AD7005EB150 /* ContactUs.m in Sources */ = {isa = PBXBuildFile; fileRef = 4E9F7CC723752AD7005EB150 /* ContactUs.m */; };
		4E9F7CCB237541A4005EB150 /* Invoices.m in Sources */ = {isa = PBXBuildFile; fileRef = 4E9F7CCA237541A4005EB150 /* Invoices.m */; };
		4E9F7CCE237559E3005EB150 /* PastInvoices.m in Sources */ = {isa = PBXBuildFile; fileRef = 4E9F7CCD237559E3005EB150 /* PastInvoices.m */; };
		4E9F7CD1237561DD005EB150 /* Invoice.m in Sources */ = {isa = PBXBuildFile; fileRef = 4E9F7CD0237561DD005EB150 /* Invoice.m */; };
		4E9F7CD423757827005EB150 /* RefereralQR.m in Sources */ = {isa = PBXBuildFile; fileRef = 4E9F7CD323757827005EB150 /* RefereralQR.m */; };
		4E9F7CD823757B8C005EB150 /* Coupons.m in Sources */ = {isa = PBXBuildFile; fileRef = 4E9F7CD723757B8C005EB150 /* Coupons.m */; };
		4E9FBBDF23503B2A006890DB /* AuthKey_2R84QJ3BPG.p8 in Resources */ = {isa = PBXBuildFile; fileRef = 4E9FBBDE23503B2A006890DB /* AuthKey_2R84QJ3BPG.p8 */; };
		4EAE167523C1D08E0024E7FC /* cs-gold.png in Resources */ = {isa = PBXBuildFile; fileRef = 4EAE167423C1D08D0024E7FC /* cs-gold.png */; };
		4EAE167E23C431080024E7FC /* EventList.m in Sources */ = {isa = PBXBuildFile; fileRef = 4EAE167D23C431080024E7FC /* EventList.m */; };
		4EC621302348F89D00F4DCD9 /* Wallet.m in Sources */ = {isa = PBXBuildFile; fileRef = 4EC6212F2348F89D00F4DCD9 /* Wallet.m */; };
		4EC621322349A47200F4DCD9 /* 300goldbg.png in Resources */ = {isa = PBXBuildFile; fileRef = 4EC621312349A47200F4DCD9 /* 300goldbg.png */; };
		4EC621342349CC1800F4DCD9 /* barcode.png in Resources */ = {isa = PBXBuildFile; fileRef = 4EC621332349CC1800F4DCD9 /* barcode.png */; };
		4EC621362349D7FB00F4DCD9 /* dollaricon.png in Resources */ = {isa = PBXBuildFile; fileRef = 4EC621352349D7FB00F4DCD9 /* dollaricon.png */; };
		4EC62139234B038900F4DCD9 /* PaymentQR.m in Sources */ = {isa = PBXBuildFile; fileRef = 4EC62138234B038900F4DCD9 /* PaymentQR.m */; };
		4EDB50C3239E66BF004247CD /* PastEventsList.m in Sources */ = {isa = PBXBuildFile; fileRef = 4EDB50C2239E66BF004247CD /* PastEventsList.m */; };
		4EDB50C6239E6EAE004247CD /* ReserveNow.m in Sources */ = {isa = PBXBuildFile; fileRef = 4EDB50C5239E6EAE004247CD /* ReserveNow.m */; };
		4EDB50C8239F9394004247CD /* AuthenticationServices.framework in Frameworks */ = {isa = PBXBuildFile; fileRef = 4EDB50C7239F9394004247CD /* AuthenticationServices.framework */; };
		4EE24A2D234C7E7C00E2C651 /* PointsHistory.m in Sources */ = {isa = PBXBuildFile; fileRef = 4EE24A2C234C7E7C00E2C651 /* PointsHistory.m */; };
		4EE24A30234DBF6300E2C651 /* TopUp.m in Sources */ = {isa = PBXBuildFile; fileRef = 4EE24A2F234DBF6300E2C651 /* TopUp.m */; };
		4EE24A33234DD26B00E2C651 /* paybywechat.png in Resources */ = {isa = PBXBuildFile; fileRef = 4EE24A31234DD26A00E2C651 /* paybywechat.png */; };
		4EE24A34234DD26B00E2C651 /* paybyali.png in Resources */ = {isa = PBXBuildFile; fileRef = 4EE24A32234DD26B00E2C651 /* paybyali.png */; };
		4EE24A37234EE10100E2C651 /* ChargeQR.m in Sources */ = {isa = PBXBuildFile; fileRef = 4EE24A36234EE10100E2C651 /* ChargeQR.m */; };
		4EE24A3A234F331E00E2C651 /* PaymentCode.m in Sources */ = {isa = PBXBuildFile; fileRef = 4EE24A39234F331E00E2C651 /* PaymentCode.m */; };
		4EE24A3D234F34A600E2C651 /* PaymentCodeDigit.m in Sources */ = {isa = PBXBuildFile; fileRef = 4EE24A3C234F34A600E2C651 /* PaymentCodeDigit.m */; };
		4EE24A3F23502EF200E2C651 /* GoogleService-Info.plist in Resources */ = {isa = PBXBuildFile; fileRef = 4EE24A3E23502EF200E2C651 /* GoogleService-Info.plist */; };
		4EEA6247238B99A40051A72D /* JoinVIPForm.m in Sources */ = {isa = PBXBuildFile; fileRef = 4EEA6246238B99A40051A72D /* JoinVIPForm.m */; };
		4EEA6249238BA3470051A72D /* logo_qr-01.png in Resources */ = {isa = PBXBuildFile; fileRef = 4EEA6248238BA3470051A72D /* logo_qr-01.png */; };
		4EEA624E238BC5FD0051A72D /* VirtualOffice.m in Sources */ = {isa = PBXBuildFile; fileRef = 4EEA624D238BC5FD0051A72D /* VirtualOffice.m */; };
		4EEA6251238BC8970051A72D /* OfficePromo.m in Sources */ = {isa = PBXBuildFile; fileRef = 4EEA6250238BC8970051A72D /* OfficePromo.m */; };
		4EEA6254238BCABE0051A72D /* ConceirgeService.m in Sources */ = {isa = PBXBuildFile; fileRef = 4EEA6253238BCABE0051A72D /* ConceirgeService.m */; };
		4EEA6257238BCF530051A72D /* ContactOffice.m in Sources */ = {isa = PBXBuildFile; fileRef = 4EEA6256238BCF530051A72D /* ContactOffice.m */; };
		4EEA626B238E50BA0051A72D /* logo_qr-012.png in Resources */ = {isa = PBXBuildFile; fileRef = 4EEA626A238E50B90051A72D /* logo_qr-012.png */; };
		4EEB8447233B5D8200853E76 /* Home.m in Sources */ = {isa = PBXBuildFile; fileRef = 4EEB8446233B5D8100853E76 /* Home.m */; };
		4EEB844A233CB36C00853E76 /* Header.m in Sources */ = {isa = PBXBuildFile; fileRef = 4EEB8449233CB36C00853E76 /* Header.m */; };
		4EEB844D233DE0E200853E76 /* Footer.m in Sources */ = {isa = PBXBuildFile; fileRef = 4EEB844C233DE0E200853E76 /* Footer.m */; };
		4EEB8467233DF4FB00853E76 /* logo.png in Resources */ = {isa = PBXBuildFile; fileRef = 4EEB8466233DF4FB00853E76 /* logo.png */; };
		4EEB8469233E01A500853E76 /* goldbutton.png in Resources */ = {isa = PBXBuildFile; fileRef = 4EEB8468233E01A500853E76 /* goldbutton.png */; };
		4EEB846B233E08FC00853E76 /* backbtn.png in Resources */ = {isa = PBXBuildFile; fileRef = 4EEB846A233E08FC00853E76 /* backbtn.png */; };
		4EEB846E233E0BC000853E76 /* phoneicon.png in Resources */ = {isa = PBXBuildFile; fileRef = 4EEB846C233E0BC000853E76 /* phoneicon.png */; };
		4EEB846F233E0BC000853E76 /* addricon.png in Resources */ = {isa = PBXBuildFile; fileRef = 4EEB846D233E0BC000853E76 /* addricon.png */; };
		4EEB84712340397D00853E76 /* launchscreen.png in Resources */ = {isa = PBXBuildFile; fileRef = 4EEB84702340397D00853E76 /* launchscreen.png */; };
		4EEB8473234088C800853E76 /* loginWechat.png in Resources */ = {isa = PBXBuildFile; fileRef = 4EEB8472234088C800853E76 /* loginWechat.png */; };
		4EEB84772340A2BD00853E76 /* regflow1.png in Resources */ = {isa = PBXBuildFile; fileRef = 4EEB84742340A2BD00853E76 /* regflow1.png */; };
		4EEB84782340A2BD00853E76 /* regflow3.png in Resources */ = {isa = PBXBuildFile; fileRef = 4EEB84752340A2BD00853E76 /* regflow3.png */; };
		4EEB84792340A2BD00853E76 /* regflow2.png in Resources */ = {isa = PBXBuildFile; fileRef = 4EEB84762340A2BD00853E76 /* regflow2.png */; };
		4EEB847C2340A82500853E76 /* checked.png in Resources */ = {isa = PBXBuildFile; fileRef = 4EEB847A2340A82500853E76 /* checked.png */; };
		4EEB847D2340A82500853E76 /* unchecked.png in Resources */ = {isa = PBXBuildFile; fileRef = 4EEB847B2340A82500853E76 /* unchecked.png */; };
		A7E8B492323BA41D271DF613 /* libPods-Konnect.a in Frameworks */ = {isa = PBXBuildFile; fileRef = 34FD912634EDD106C1F02E44 /* libPods-Konnect.a */; };
/* End PBXBuildFile section */

/* Begin PBXFileReference section */
		34FD912634EDD106C1F02E44 /* libPods-Konnect.a */ = {isa = PBXFileReference; explicitFileType = archive.ar; includeInIndex = 0; path = "libPods-Konnect.a"; sourceTree = BUILT_PRODUCTS_DIR; };
		4E02E220237267170006379B /* intro1.png */ = {isa = PBXFileReference; lastKnownFileType = image.png; path = intro1.png; sourceTree = "<group>"; };
		4E02E222237267710006379B /* intro5.png */ = {isa = PBXFileReference; lastKnownFileType = image.png; path = intro5.png; sourceTree = "<group>"; };
		4E02E223237267710006379B /* intro2.png */ = {isa = PBXFileReference; lastKnownFileType = image.png; path = intro2.png; sourceTree = "<group>"; };
		4E02E224237267720006379B /* intro3.png */ = {isa = PBXFileReference; lastKnownFileType = image.png; path = intro3.png; sourceTree = "<group>"; };
		4E02E225237267720006379B /* intro4.png */ = {isa = PBXFileReference; lastKnownFileType = image.png; path = intro4.png; sourceTree = "<group>"; };
		4E02E22A23727ABA0006379B /* ORWebViewController.h */ = {isa = PBXFileReference; lastKnownFileType = sourcecode.c.h; path = ORWebViewController.h; sourceTree = "<group>"; };
		4E02E22B23727ABA0006379B /* ORWebViewController.m */ = {isa = PBXFileReference; lastKnownFileType = sourcecode.c.objc; path = ORWebViewController.m; sourceTree = "<group>"; };
		4E02E22D237285490006379B /* LOGO */ = {isa = PBXFileReference; lastKnownFileType = folder; path = LOGO; sourceTree = "<group>"; };
		4E02E22F2373E4300006379B /* FacilityList.h */ = {isa = PBXFileReference; lastKnownFileType = sourcecode.c.h; path = FacilityList.h; sourceTree = "<group>"; };
		4E02E2302373E4300006379B /* FacilityList.m */ = {isa = PBXFileReference; lastKnownFileType = sourcecode.c.objc; path = FacilityList.m; sourceTree = "<group>"; };
		4E065730231E7F9300884D79 /* Konnect.app */ = {isa = PBXFileReference; explicitFileType = wrapper.application; includeInIndex = 0; path = Konnect.app; sourceTree = BUILT_PRODUCTS_DIR; };
		4E065733231E7F9300884D79 /* AppDelegate.h */ = {isa = PBXFileReference; lastKnownFileType = sourcecode.c.h; path = AppDelegate.h; sourceTree = "<group>"; };
		4E065734231E7F9300884D79 /* AppDelegate.m */ = {isa = PBXFileReference; lastKnownFileType = sourcecode.c.objc; path = AppDelegate.m; sourceTree = "<group>"; };
		4E065736231E7F9300884D79 /* ViewController.h */ = {isa = PBXFileReference; lastKnownFileType = sourcecode.c.h; path = ViewController.h; sourceTree = "<group>"; };
		4E065737231E7F9300884D79 /* ViewController.m */ = {isa = PBXFileReference; lastKnownFileType = sourcecode.c.objc; path = ViewController.m; sourceTree = "<group>"; };
		4E06573A231E7F9300884D79 /* Base */ = {isa = PBXFileReference; lastKnownFileType = file.storyboard; name = Base; path = Base.lproj/Main.storyboard; sourceTree = "<group>"; };
		4E06573C231E7F9A00884D79 /* Assets.xcassets */ = {isa = PBXFileReference; lastKnownFileType = folder.assetcatalog; path = Assets.xcassets; sourceTree = "<group>"; };
		4E06573F231E7F9A00884D79 /* Base */ = {isa = PBXFileReference; lastKnownFileType = file.storyboard; name = Base; path = Base.lproj/LaunchScreen.storyboard; sourceTree = "<group>"; };
		4E065741231E7F9A00884D79 /* Info.plist */ = {isa = PBXFileReference; lastKnownFileType = text.plist.xml; path = Info.plist; sourceTree = "<group>"; };
		4E065742231E7F9A00884D79 /* main.m */ = {isa = PBXFileReference; lastKnownFileType = sourcecode.c.objc; path = main.m; sourceTree = "<group>"; };
		4E12D77B2320D50200D4A545 /* Introduction.h */ = {isa = PBXFileReference; lastKnownFileType = sourcecode.c.h; path = Introduction.h; sourceTree = "<group>"; };
		4E12D77C2320D50200D4A545 /* Introduction.m */ = {isa = PBXFileReference; lastKnownFileType = sourcecode.c.objc; path = Introduction.m; sourceTree = "<group>"; };
		4E12D7872320D93E00D4A545 /* README.txt */ = {isa = PBXFileReference; fileEncoding = 4; lastKnownFileType = text; path = README.txt; sourceTree = "<group>"; };
		4E12D78D23223A2F00D4A545 /* ORViewController.h */ = {isa = PBXFileReference; lastKnownFileType = sourcecode.c.h; path = ORViewController.h; sourceTree = "<group>"; };
		4E12D78E23223A2F00D4A545 /* ORViewController.m */ = {isa = PBXFileReference; lastKnownFileType = sourcecode.c.objc; path = ORViewController.m; sourceTree = "<group>"; };
		4E12D7902322577F00D4A545 /* LoginOrReg.h */ = {isa = PBXFileReference; lastKnownFileType = sourcecode.c.h; path = LoginOrReg.h; sourceTree = "<group>"; };
		4E12D7912322577F00D4A545 /* LoginOrReg.m */ = {isa = PBXFileReference; lastKnownFileType = sourcecode.c.objc; path = LoginOrReg.m; sourceTree = "<group>"; };
		4E12D79323225B8A00D4A545 /* const.h */ = {isa = PBXFileReference; lastKnownFileType = sourcecode.c.h; path = const.h; sourceTree = "<group>"; };
		4E12D794232297B900D4A545 /* RegisterViewController.h */ = {isa = PBXFileReference; lastKnownFileType = sourcecode.c.h; path = RegisterViewController.h; sourceTree = "<group>"; };
		4E12D795232297B900D4A545 /* RegisterViewController.m */ = {isa = PBXFileReference; lastKnownFileType = sourcecode.c.objc; path = RegisterViewController.m; sourceTree = "<group>"; };
		4E12D79723229B5000D4A545 /* icon64_appwx_logo.png */ = {isa = PBXFileReference; lastKnownFileType = image.png; path = icon64_appwx_logo.png; sourceTree = "<group>"; };
		4E12D79A2322C3D400D4A545 /* SystemConfiguration.framework */ = {isa = PBXFileReference; lastKnownFileType = wrapper.framework; name = SystemConfiguration.framework; path = System/Library/Frameworks/SystemConfiguration.framework; sourceTree = SDKROOT; };
		4E12D79C2322C3EE00D4A545 /* libsqlite3.tbd */ = {isa = PBXFileReference; lastKnownFileType = "sourcecode.text-based-dylib-definition"; name = libsqlite3.tbd; path = usr/lib/libsqlite3.tbd; sourceTree = SDKROOT; };
		4E12D79E2322C3F700D4A545 /* libz.tbd */ = {isa = PBXFileReference; lastKnownFileType = "sourcecode.text-based-dylib-definition"; name = libz.tbd; path = usr/lib/libz.tbd; sourceTree = SDKROOT; };
		4E12D7A02322C40400D4A545 /* libc++.tbd */ = {isa = PBXFileReference; lastKnownFileType = "sourcecode.text-based-dylib-definition"; name = "libc++.tbd"; path = "usr/lib/libc++.tbd"; sourceTree = SDKROOT; };
		4E12D7A22322C40E00D4A545 /* Security.framework */ = {isa = PBXFileReference; lastKnownFileType = wrapper.framework; name = Security.framework; path = System/Library/Frameworks/Security.framework; sourceTree = SDKROOT; };
		4E12D7A42322C42000D4A545 /* CoreTelephony.framework */ = {isa = PBXFileReference; lastKnownFileType = wrapper.framework; name = CoreTelephony.framework; path = System/Library/Frameworks/CoreTelephony.framework; sourceTree = SDKROOT; };
		4E12D7A62322CA7600D4A545 /* CFNetwork.framework */ = {isa = PBXFileReference; lastKnownFileType = wrapper.framework; name = CFNetwork.framework; path = System/Library/Frameworks/CFNetwork.framework; sourceTree = SDKROOT; };
		4E12D7A82322CA9E00D4A545 /* Foundation.framework */ = {isa = PBXFileReference; lastKnownFileType = wrapper.framework; name = Foundation.framework; path = System/Library/Frameworks/Foundation.framework; sourceTree = SDKROOT; };
		4E12D7AD2322D38000D4A545 /* WXApiManager.m */ = {isa = PBXFileReference; lastKnownFileType = sourcecode.c.objc; path = WXApiManager.m; sourceTree = "<group>"; };
		4E12D7AF2322D39700D4A545 /* WXApiManager.h */ = {isa = PBXFileReference; lastKnownFileType = sourcecode.c.h; path = WXApiManager.h; sourceTree = "<group>"; };
		4E1672332376617000F6FD8E /* Office.h */ = {isa = PBXFileReference; lastKnownFileType = sourcecode.c.h; path = Office.h; sourceTree = "<group>"; };
		4E1672342376617000F6FD8E /* Office.m */ = {isa = PBXFileReference; lastKnownFileType = sourcecode.c.objc; path = Office.m; sourceTree = "<group>"; };
		4E167236237662A800F6FD8E /* Company.h */ = {isa = PBXFileReference; lastKnownFileType = sourcecode.c.h; path = Company.h; sourceTree = "<group>"; };
		4E167237237662A800F6FD8E /* Company.m */ = {isa = PBXFileReference; lastKnownFileType = sourcecode.c.objc; path = Company.m; sourceTree = "<group>"; };
		4E1672392376943900F6FD8E /* SearchMeetingRoom.h */ = {isa = PBXFileReference; lastKnownFileType = sourcecode.c.h; path = SearchMeetingRoom.h; sourceTree = "<group>"; };
		4E16723A2376943900F6FD8E /* SearchMeetingRoom.m */ = {isa = PBXFileReference; lastKnownFileType = sourcecode.c.objc; path = SearchMeetingRoom.m; sourceTree = "<group>"; };
		4E16723C2377ECE300F6FD8E /* KonnectNews.h */ = {isa = PBXFileReference; lastKnownFileType = sourcecode.c.h; path = KonnectNews.h; sourceTree = "<group>"; };
		4E16723D2377ECE300F6FD8E /* KonnectNews.m */ = {isa = PBXFileReference; lastKnownFileType = sourcecode.c.objc; path = KonnectNews.m; sourceTree = "<group>"; };
		4E16723F2377F2BF00F6FD8E /* AboutKonnect.h */ = {isa = PBXFileReference; lastKnownFileType = sourcecode.c.h; path = AboutKonnect.h; sourceTree = "<group>"; };
		4E1672402377F2BF00F6FD8E /* AboutKonnect.m */ = {isa = PBXFileReference; lastKnownFileType = sourcecode.c.objc; path = AboutKonnect.m; sourceTree = "<group>"; };
		4E16724223781C9B00F6FD8E /* Events.h */ = {isa = PBXFileReference; lastKnownFileType = sourcecode.c.h; path = Events.h; sourceTree = "<group>"; };
		4E16724323781C9B00F6FD8E /* Events.m */ = {isa = PBXFileReference; lastKnownFileType = sourcecode.c.objc; path = Events.m; sourceTree = "<group>"; };
		4E167246237847FD00F6FD8E /* EventDetails.h */ = {isa = PBXFileReference; lastKnownFileType = sourcecode.c.h; path = EventDetails.h; sourceTree = "<group>"; };
		4E167247237847FD00F6FD8E /* EventDetails.m */ = {isa = PBXFileReference; lastKnownFileType = sourcecode.c.objc; path = EventDetails.m; sourceTree = "<group>"; };
		4E1672492378EEBF00F6FD8E /* Reservations.h */ = {isa = PBXFileReference; lastKnownFileType = sourcecode.c.h; path = Reservations.h; sourceTree = "<group>"; };
		4E16724A2378EEBF00F6FD8E /* Reservations.m */ = {isa = PBXFileReference; lastKnownFileType = sourcecode.c.objc; path = Reservations.m; sourceTree = "<group>"; };
		4E16724F237A4FF000F6FD8E /* BuyPrintQuota.h */ = {isa = PBXFileReference; lastKnownFileType = sourcecode.c.h; path = BuyPrintQuota.h; sourceTree = "<group>"; };
		4E167250237A4FF000F6FD8E /* BuyPrintQuota.m */ = {isa = PBXFileReference; lastKnownFileType = sourcecode.c.objc; path = BuyPrintQuota.m; sourceTree = "<group>"; };
		4E167252237A503400F6FD8E /* AssoPIcker.h */ = {isa = PBXFileReference; lastKnownFileType = sourcecode.c.h; path = AssoPIcker.h; sourceTree = "<group>"; };
		4E167253237A503400F6FD8E /* AssoPIcker.m */ = {isa = PBXFileReference; lastKnownFileType = sourcecode.c.objc; path = AssoPIcker.m; sourceTree = "<group>"; };
		4E167255237A72B600F6FD8E /* OfficeNotifications.h */ = {isa = PBXFileReference; lastKnownFileType = sourcecode.c.h; path = OfficeNotifications.h; sourceTree = "<group>"; };
		4E167256237A72B600F6FD8E /* OfficeNotifications.m */ = {isa = PBXFileReference; lastKnownFileType = sourcecode.c.objc; path = OfficeNotifications.m; sourceTree = "<group>"; };
		4E167258237A9B3900F6FD8E /* MeetingRoomList.h */ = {isa = PBXFileReference; lastKnownFileType = sourcecode.c.h; path = MeetingRoomList.h; sourceTree = "<group>"; };
		4E167259237A9B3900F6FD8E /* MeetingRoomList.m */ = {isa = PBXFileReference; lastKnownFileType = sourcecode.c.objc; path = MeetingRoomList.m; sourceTree = "<group>"; };
		4E16725B237AB24F00F6FD8E /* MeetingRoom.h */ = {isa = PBXFileReference; lastKnownFileType = sourcecode.c.h; path = MeetingRoom.h; sourceTree = "<group>"; };
		4E16725C237AB24F00F6FD8E /* MeetingRoom.m */ = {isa = PBXFileReference; lastKnownFileType = sourcecode.c.objc; path = MeetingRoom.m; sourceTree = "<group>"; };
		4E16725E237BCAC400F6FD8E /* GoldBg.png */ = {isa = PBXFileReference; lastKnownFileType = image.png; path = GoldBg.png; sourceTree = "<group>"; };
		4E18D7832341EA5B00039811 /* logo-small.png */ = {isa = PBXFileReference; lastKnownFileType = image.png; path = "logo-small.png"; sourceTree = "<group>"; };
		4E18D7852341EAA500039811 /* scanqr.png */ = {isa = PBXFileReference; lastKnownFileType = image.png; path = scanqr.png; sourceTree = "<group>"; };
		4E18D7862341EAA500039811 /* msg.png */ = {isa = PBXFileReference; lastKnownFileType = image.png; path = msg.png; sourceTree = "<group>"; };
		4E18D7872341EAA500039811 /* home.png */ = {isa = PBXFileReference; lastKnownFileType = image.png; path = home.png; sourceTree = "<group>"; };
		4E18D7882341EAA500039811 /* me.png */ = {isa = PBXFileReference; lastKnownFileType = image.png; path = me.png; sourceTree = "<group>"; };
		4E18D7892341EAA500039811 /* cs.png */ = {isa = PBXFileReference; lastKnownFileType = image.png; path = cs.png; sourceTree = "<group>"; };
		4E18D78F2341FAA300039811 /* backbtnwhite.png */ = {isa = PBXFileReference; lastKnownFileType = image.png; path = backbtnwhite.png; sourceTree = "<group>"; };
		4E18D7912342130800039811 /* normalmember.png */ = {isa = PBXFileReference; lastKnownFileType = image.png; path = normalmember.png; sourceTree = "<group>"; };
		4E18D7932342F5F400039811 /* rightarrow.png */ = {isa = PBXFileReference; lastKnownFileType = image.png; path = rightarrow.png; sourceTree = "<group>"; };
		4E18D7982344567F00039811 /* restauranticon.png */ = {isa = PBXFileReference; lastKnownFileType = image.png; path = restauranticon.png; sourceTree = "<group>"; };
		4E18D7992344567F00039811 /* officeicon.png */ = {isa = PBXFileReference; lastKnownFileType = image.png; path = officeicon.png; sourceTree = "<group>"; };
		4E18D79A2344567F00039811 /* conferenceicon.png */ = {isa = PBXFileReference; lastKnownFileType = image.png; path = conferenceicon.png; sourceTree = "<group>"; };
		4E18D79F2345C21700039811 /* MessageList.h */ = {isa = PBXFileReference; lastKnownFileType = sourcecode.c.h; path = MessageList.h; sourceTree = "<group>"; };
		4E18D7A02345C21700039811 /* MessageList.m */ = {isa = PBXFileReference; lastKnownFileType = sourcecode.c.objc; path = MessageList.m; sourceTree = "<group>"; };
		4E18D7A22345D7E700039811 /* notificationicon.png */ = {isa = PBXFileReference; lastKnownFileType = image.png; path = notificationicon.png; sourceTree = "<group>"; };
		4E18D7A42345FF3C00039811 /* MessageDetails.h */ = {isa = PBXFileReference; lastKnownFileType = sourcecode.c.h; path = MessageDetails.h; sourceTree = "<group>"; };
		4E18D7A52345FF3C00039811 /* MessageDetails.m */ = {isa = PBXFileReference; lastKnownFileType = sourcecode.c.objc; path = MessageDetails.m; sourceTree = "<group>"; };
		4E18D7A8234700B400039811 /* ScanQR.h */ = {isa = PBXFileReference; lastKnownFileType = sourcecode.c.h; path = ScanQR.h; sourceTree = "<group>"; };
		4E18D7A9234700B400039811 /* ScanQR.m */ = {isa = PBXFileReference; lastKnownFileType = sourcecode.c.objc; path = ScanQR.m; sourceTree = "<group>"; };
		4E18D7AB2347041E00039811 /* AVFoundation.framework */ = {isa = PBXFileReference; lastKnownFileType = wrapper.framework; name = AVFoundation.framework; path = System/Library/Frameworks/AVFoundation.framework; sourceTree = SDKROOT; };
		4E18D7AE23470D6300039811 /* My.h */ = {isa = PBXFileReference; lastKnownFileType = sourcecode.c.h; path = My.h; sourceTree = "<group>"; };
		4E18D7AF23470D6300039811 /* My.m */ = {isa = PBXFileReference; lastKnownFileType = sourcecode.c.objc; path = My.m; sourceTree = "<group>"; };
		4E18D7B12347171B00039811 /* AVKit.framework */ = {isa = PBXFileReference; lastKnownFileType = wrapper.framework; name = AVKit.framework; path = System/Library/Frameworks/AVKit.framework; sourceTree = SDKROOT; };
		4E18D7B3234718F500039811 /* AudioToolbox.framework */ = {isa = PBXFileReference; lastKnownFileType = wrapper.framework; name = AudioToolbox.framework; path = System/Library/Frameworks/AudioToolbox.framework; sourceTree = SDKROOT; };
		4E18D7B7234728FB00039811 /* editinfo.png */ = {isa = PBXFileReference; lastKnownFileType = image.png; path = editinfo.png; sourceTree = "<group>"; };
		4E18D7B923472D0F00039811 /* coupons.png */ = {isa = PBXFileReference; lastKnownFileType = image.png; path = coupons.png; sourceTree = "<group>"; };
		4E18D7BA23472D0F00039811 /* appointments.png */ = {isa = PBXFileReference; lastKnownFileType = image.png; path = appointments.png; sourceTree = "<group>"; };
		4E18D7BB23472D1000039811 /* pointshistory.png */ = {isa = PBXFileReference; lastKnownFileType = image.png; path = pointshistory.png; sourceTree = "<group>"; };
		4E18D7BC23472D1000039811 /* referral.png */ = {isa = PBXFileReference; lastKnownFileType = image.png; path = referral.png; sourceTree = "<group>"; };
		4E18D7BD23472D1000039811 /* office.png */ = {isa = PBXFileReference; lastKnownFileType = image.png; path = office.png; sourceTree = "<group>"; };
		4E18D7BE23472D1000039811 /* waller.png */ = {isa = PBXFileReference; lastKnownFileType = image.png; path = waller.png; sourceTree = "<group>"; };
		4E18D7C52347429C00039811 /* EditInfo.h */ = {isa = PBXFileReference; lastKnownFileType = sourcecode.c.h; path = EditInfo.h; sourceTree = "<group>"; };
		4E18D7C62347429C00039811 /* EditInfo.m */ = {isa = PBXFileReference; lastKnownFileType = sourcecode.c.objc; path = EditInfo.m; sourceTree = "<group>"; };
		4E18D7C8234743C000039811 /* ORTableViewController.h */ = {isa = PBXFileReference; lastKnownFileType = sourcecode.c.h; path = ORTableViewController.h; sourceTree = "<group>"; };
		4E18D7C9234743C000039811 /* ORTableViewController.m */ = {isa = PBXFileReference; lastKnownFileType = sourcecode.c.objc; path = ORTableViewController.m; sourceTree = "<group>"; };
		4E3CA9F723248DE100FE655B /* KApiManager.m */ = {isa = PBXFileReference; lastKnownFileType = sourcecode.c.objc; path = KApiManager.m; sourceTree = "<group>"; };
		4E3CA9F923248DEA00FE655B /* KApiManager.h */ = {isa = PBXFileReference; lastKnownFileType = sourcecode.c.h; path = KApiManager.h; sourceTree = "<group>"; };
		4E3CA9FA2329F60300FE655B /* RegisterPassword.h */ = {isa = PBXFileReference; lastKnownFileType = sourcecode.c.h; path = RegisterPassword.h; sourceTree = "<group>"; };
		4E3CA9FB2329F60300FE655B /* RegisterPassword.m */ = {isa = PBXFileReference; lastKnownFileType = sourcecode.c.objc; path = RegisterPassword.m; sourceTree = "<group>"; };
		4E6F69762355B0DE003B52D3 /* phone.png */ = {isa = PBXFileReference; lastKnownFileType = image.png; path = phone.png; sourceTree = "<group>"; };
		4E6F69782355B34E003B52D3 /* wechatshare.png */ = {isa = PBXFileReference; lastKnownFileType = image.png; path = wechatshare.png; sourceTree = "<group>"; };
		4E88652823D6B1A5009330CF /* membertierlegacy.png */ = {isa = PBXFileReference; lastKnownFileType = image.png; path = membertierlegacy.png; sourceTree = "<group>"; };
		4E88652923D6B1A5009330CF /* membertiermember.png */ = {isa = PBXFileReference; lastKnownFileType = image.png; path = membertiermember.png; sourceTree = "<group>"; };
		4E88652A23D6B1A6009330CF /* membertiervip.png */ = {isa = PBXFileReference; lastKnownFileType = image.png; path = membertiervip.png; sourceTree = "<group>"; };
		4E991C4A2374596500DEBE01 /* ServiceOffice.h */ = {isa = PBXFileReference; lastKnownFileType = sourcecode.c.h; path = ServiceOffice.h; sourceTree = "<group>"; };
		4E991C4B2374596500DEBE01 /* ServiceOffice.m */ = {isa = PBXFileReference; lastKnownFileType = sourcecode.c.objc; path = ServiceOffice.m; sourceTree = "<group>"; };
		4E991C4D23745D8E00DEBE01 /* ORCarousel.h */ = {isa = PBXFileReference; fileEncoding = 4; lastKnownFileType = sourcecode.c.h; path = ORCarousel.h; sourceTree = "<group>"; };
		4E991C4E23745D8E00DEBE01 /* ORCarousel.m */ = {isa = PBXFileReference; fileEncoding = 4; lastKnownFileType = sourcecode.c.objc; path = ORCarousel.m; sourceTree = "<group>"; };
		4E9C0F9E2350EB46005285A4 /* Facility.h */ = {isa = PBXFileReference; lastKnownFileType = sourcecode.c.h; path = Facility.h; sourceTree = "<group>"; };
		4E9C0F9F2350EB46005285A4 /* Facility.m */ = {isa = PBXFileReference; lastKnownFileType = sourcecode.c.objc; path = Facility.m; sourceTree = "<group>"; };
		4E9C0FA5235432E4005285A4 /* ImageList.h */ = {isa = PBXFileReference; lastKnownFileType = sourcecode.c.h; path = ImageList.h; sourceTree = "<group>"; };
		4E9C0FA6235432E4005285A4 /* ImageList.m */ = {isa = PBXFileReference; lastKnownFileType = sourcecode.c.objc; path = ImageList.m; sourceTree = "<group>"; };
		4E9C0FA823543C3C005285A4 /* ImageZoomViewController.m */ = {isa = PBXFileReference; fileEncoding = 4; lastKnownFileType = sourcecode.c.objc; path = ImageZoomViewController.m; sourceTree = "<group>"; };
		4E9C0FA923543C3C005285A4 /* ImageZoomViewController.h */ = {isa = PBXFileReference; fileEncoding = 4; lastKnownFileType = sourcecode.c.h; path = ImageZoomViewController.h; sourceTree = "<group>"; };
		4E9C0FAB23543C4A005285A4 /* ImageGallery.h */ = {isa = PBXFileReference; fileEncoding = 4; lastKnownFileType = sourcecode.c.h; path = ImageGallery.h; sourceTree = "<group>"; };
		4E9C0FAC23543C4A005285A4 /* ImageGallery.m */ = {isa = PBXFileReference; fileEncoding = 4; lastKnownFileType = sourcecode.c.objc; path = ImageGallery.m; sourceTree = "<group>"; };
		4E9C0FAE23545984005285A4 /* Booking.h */ = {isa = PBXFileReference; lastKnownFileType = sourcecode.c.h; path = Booking.h; sourceTree = "<group>"; };
		4E9C0FAF23545984005285A4 /* Booking.m */ = {isa = PBXFileReference; lastKnownFileType = sourcecode.c.objc; path = Booking.m; sourceTree = "<group>"; };
		4E9F7CC623752AD7005EB150 /* ContactUs.h */ = {isa = PBXFileReference; lastKnownFileType = sourcecode.c.h; path = ContactUs.h; sourceTree = "<group>"; };
		4E9F7CC723752AD7005EB150 /* ContactUs.m */ = {isa = PBXFileReference; lastKnownFileType = sourcecode.c.objc; path = ContactUs.m; sourceTree = "<group>"; };
		4E9F7CC9237541A4005EB150 /* Invoices.h */ = {isa = PBXFileReference; lastKnownFileType = sourcecode.c.h; path = Invoices.h; sourceTree = "<group>"; };
		4E9F7CCA237541A4005EB150 /* Invoices.m */ = {isa = PBXFileReference; lastKnownFileType = sourcecode.c.objc; path = Invoices.m; sourceTree = "<group>"; };
		4E9F7CCC237559E3005EB150 /* PastInvoices.h */ = {isa = PBXFileReference; lastKnownFileType = sourcecode.c.h; path = PastInvoices.h; sourceTree = "<group>"; };
		4E9F7CCD237559E3005EB150 /* PastInvoices.m */ = {isa = PBXFileReference; lastKnownFileType = sourcecode.c.objc; path = PastInvoices.m; sourceTree = "<group>"; };
		4E9F7CCF237561DD005EB150 /* Invoice.h */ = {isa = PBXFileReference; lastKnownFileType = sourcecode.c.h; path = Invoice.h; sourceTree = "<group>"; };
		4E9F7CD0237561DD005EB150 /* Invoice.m */ = {isa = PBXFileReference; lastKnownFileType = sourcecode.c.objc; path = Invoice.m; sourceTree = "<group>"; };
		4E9F7CD223757827005EB150 /* RefereralQR.h */ = {isa = PBXFileReference; lastKnownFileType = sourcecode.c.h; path = RefereralQR.h; sourceTree = "<group>"; };
		4E9F7CD323757827005EB150 /* RefereralQR.m */ = {isa = PBXFileReference; lastKnownFileType = sourcecode.c.objc; path = RefereralQR.m; sourceTree = "<group>"; };
		4E9F7CD623757B8C005EB150 /* Coupons.h */ = {isa = PBXFileReference; lastKnownFileType = sourcecode.c.h; path = Coupons.h; sourceTree = "<group>"; };
		4E9F7CD723757B8C005EB150 /* Coupons.m */ = {isa = PBXFileReference; lastKnownFileType = sourcecode.c.objc; path = Coupons.m; sourceTree = "<group>"; };
		4E9FBBDD235036CA006890DB /* Konnect.entitlements */ = {isa = PBXFileReference; lastKnownFileType = text.plist.entitlements; path = Konnect.entitlements; sourceTree = "<group>"; };
		4E9FBBDE23503B2A006890DB /* AuthKey_2R84QJ3BPG.p8 */ = {isa = PBXFileReference; fileEncoding = 4; lastKnownFileType = text; path = AuthKey_2R84QJ3BPG.p8; sourceTree = "<group>"; };
		4EAE167423C1D08D0024E7FC /* cs-gold.png */ = {isa = PBXFileReference; lastKnownFileType = image.png; path = "cs-gold.png"; sourceTree = "<group>"; };
		4EAE167C23C431080024E7FC /* EventList.h */ = {isa = PBXFileReference; lastKnownFileType = sourcecode.c.h; path = EventList.h; sourceTree = "<group>"; };
		4EAE167D23C431080024E7FC /* EventList.m */ = {isa = PBXFileReference; lastKnownFileType = sourcecode.c.objc; path = EventList.m; sourceTree = "<group>"; };
		4EC6212E2348F89D00F4DCD9 /* Wallet.h */ = {isa = PBXFileReference; lastKnownFileType = sourcecode.c.h; path = Wallet.h; sourceTree = "<group>"; };
		4EC6212F2348F89D00F4DCD9 /* Wallet.m */ = {isa = PBXFileReference; lastKnownFileType = sourcecode.c.objc; path = Wallet.m; sourceTree = "<group>"; };
		4EC621312349A47200F4DCD9 /* 300goldbg.png */ = {isa = PBXFileReference; lastKnownFileType = image.png; path = 300goldbg.png; sourceTree = "<group>"; };
		4EC621332349CC1800F4DCD9 /* barcode.png */ = {isa = PBXFileReference; lastKnownFileType = image.png; path = barcode.png; sourceTree = "<group>"; };
		4EC621352349D7FB00F4DCD9 /* dollaricon.png */ = {isa = PBXFileReference; lastKnownFileType = image.png; path = dollaricon.png; sourceTree = "<group>"; };
		4EC62137234B038900F4DCD9 /* PaymentQR.h */ = {isa = PBXFileReference; lastKnownFileType = sourcecode.c.h; path = PaymentQR.h; sourceTree = "<group>"; };
		4EC62138234B038900F4DCD9 /* PaymentQR.m */ = {isa = PBXFileReference; lastKnownFileType = sourcecode.c.objc; path = PaymentQR.m; sourceTree = "<group>"; };
		4EDB50C1239E66BF004247CD /* PastEventsList.h */ = {isa = PBXFileReference; lastKnownFileType = sourcecode.c.h; path = PastEventsList.h; sourceTree = "<group>"; };
		4EDB50C2239E66BF004247CD /* PastEventsList.m */ = {isa = PBXFileReference; lastKnownFileType = sourcecode.c.objc; path = PastEventsList.m; sourceTree = "<group>"; };
		4EDB50C4239E6EAE004247CD /* ReserveNow.h */ = {isa = PBXFileReference; lastKnownFileType = sourcecode.c.h; path = ReserveNow.h; sourceTree = "<group>"; };
		4EDB50C5239E6EAE004247CD /* ReserveNow.m */ = {isa = PBXFileReference; lastKnownFileType = sourcecode.c.objc; path = ReserveNow.m; sourceTree = "<group>"; };
		4EDB50C7239F9394004247CD /* AuthenticationServices.framework */ = {isa = PBXFileReference; lastKnownFileType = wrapper.framework; name = AuthenticationServices.framework; path = System/Library/Frameworks/AuthenticationServices.framework; sourceTree = SDKROOT; };
		4EE24A2B234C7E7C00E2C651 /* PointsHistory.h */ = {isa = PBXFileReference; lastKnownFileType = sourcecode.c.h; path = PointsHistory.h; sourceTree = "<group>"; };
		4EE24A2C234C7E7C00E2C651 /* PointsHistory.m */ = {isa = PBXFileReference; lastKnownFileType = sourcecode.c.objc; path = PointsHistory.m; sourceTree = "<group>"; };
		4EE24A2E234DBF6300E2C651 /* TopUp.h */ = {isa = PBXFileReference; lastKnownFileType = sourcecode.c.h; path = TopUp.h; sourceTree = "<group>"; };
		4EE24A2F234DBF6300E2C651 /* TopUp.m */ = {isa = PBXFileReference; lastKnownFileType = sourcecode.c.objc; path = TopUp.m; sourceTree = "<group>"; };
		4EE24A31234DD26A00E2C651 /* paybywechat.png */ = {isa = PBXFileReference; lastKnownFileType = image.png; path = paybywechat.png; sourceTree = "<group>"; };
		4EE24A32234DD26B00E2C651 /* paybyali.png */ = {isa = PBXFileReference; lastKnownFileType = image.png; path = paybyali.png; sourceTree = "<group>"; };
		4EE24A35234EE10100E2C651 /* ChargeQR.h */ = {isa = PBXFileReference; lastKnownFileType = sourcecode.c.h; path = ChargeQR.h; sourceTree = "<group>"; };
		4EE24A36234EE10100E2C651 /* ChargeQR.m */ = {isa = PBXFileReference; lastKnownFileType = sourcecode.c.objc; path = ChargeQR.m; sourceTree = "<group>"; };
		4EE24A38234F331E00E2C651 /* PaymentCode.h */ = {isa = PBXFileReference; lastKnownFileType = sourcecode.c.h; path = PaymentCode.h; sourceTree = "<group>"; };
		4EE24A39234F331E00E2C651 /* PaymentCode.m */ = {isa = PBXFileReference; lastKnownFileType = sourcecode.c.objc; path = PaymentCode.m; sourceTree = "<group>"; };
		4EE24A3B234F34A600E2C651 /* PaymentCodeDigit.h */ = {isa = PBXFileReference; lastKnownFileType = sourcecode.c.h; path = PaymentCodeDigit.h; sourceTree = "<group>"; };
		4EE24A3C234F34A600E2C651 /* PaymentCodeDigit.m */ = {isa = PBXFileReference; lastKnownFileType = sourcecode.c.objc; path = PaymentCodeDigit.m; sourceTree = "<group>"; };
		4EE24A3E23502EF200E2C651 /* GoogleService-Info.plist */ = {isa = PBXFileReference; fileEncoding = 4; lastKnownFileType = text.plist.xml; path = "GoogleService-Info.plist"; sourceTree = "<group>"; };
		4EEA6245238B99A40051A72D /* JoinVIPForm.h */ = {isa = PBXFileReference; lastKnownFileType = sourcecode.c.h; path = JoinVIPForm.h; sourceTree = "<group>"; };
		4EEA6246238B99A40051A72D /* JoinVIPForm.m */ = {isa = PBXFileReference; lastKnownFileType = sourcecode.c.objc; path = JoinVIPForm.m; sourceTree = "<group>"; };
		4EEA6248238BA3470051A72D /* logo_qr-01.png */ = {isa = PBXFileReference; lastKnownFileType = image.png; path = "logo_qr-01.png"; sourceTree = "<group>"; };
		4EEA624C238BC5FD0051A72D /* VirtualOffice.h */ = {isa = PBXFileReference; lastKnownFileType = sourcecode.c.h; path = VirtualOffice.h; sourceTree = "<group>"; };
		4EEA624D238BC5FD0051A72D /* VirtualOffice.m */ = {isa = PBXFileReference; lastKnownFileType = sourcecode.c.objc; path = VirtualOffice.m; sourceTree = "<group>"; };
		4EEA624F238BC8970051A72D /* OfficePromo.h */ = {isa = PBXFileReference; lastKnownFileType = sourcecode.c.h; path = OfficePromo.h; sourceTree = "<group>"; };
		4EEA6250238BC8970051A72D /* OfficePromo.m */ = {isa = PBXFileReference; lastKnownFileType = sourcecode.c.objc; path = OfficePromo.m; sourceTree = "<group>"; };
		4EEA6252238BCABE0051A72D /* ConceirgeService.h */ = {isa = PBXFileReference; lastKnownFileType = sourcecode.c.h; path = ConceirgeService.h; sourceTree = "<group>"; };
		4EEA6253238BCABE0051A72D /* ConceirgeService.m */ = {isa = PBXFileReference; lastKnownFileType = sourcecode.c.objc; path = ConceirgeService.m; sourceTree = "<group>"; };
		4EEA6255238BCF530051A72D /* ContactOffice.h */ = {isa = PBXFileReference; lastKnownFileType = sourcecode.c.h; path = ContactOffice.h; sourceTree = "<group>"; };
		4EEA6256238BCF530051A72D /* ContactOffice.m */ = {isa = PBXFileReference; lastKnownFileType = sourcecode.c.objc; path = ContactOffice.m; sourceTree = "<group>"; };
		4EEA626A238E50B90051A72D /* logo_qr-012.png */ = {isa = PBXFileReference; lastKnownFileType = image.png; path = "logo_qr-012.png"; sourceTree = "<group>"; };
		4EEB8445233B5D8100853E76 /* Home.h */ = {isa = PBXFileReference; lastKnownFileType = sourcecode.c.h; path = Home.h; sourceTree = "<group>"; };
		4EEB8446233B5D8100853E76 /* Home.m */ = {isa = PBXFileReference; lastKnownFileType = sourcecode.c.objc; path = Home.m; sourceTree = "<group>"; };
		4EEB8448233CB36C00853E76 /* Header.h */ = {isa = PBXFileReference; lastKnownFileType = sourcecode.c.h; path = Header.h; sourceTree = "<group>"; };
		4EEB8449233CB36C00853E76 /* Header.m */ = {isa = PBXFileReference; lastKnownFileType = sourcecode.c.objc; path = Header.m; sourceTree = "<group>"; };
		4EEB844B233DE0E200853E76 /* Footer.h */ = {isa = PBXFileReference; lastKnownFileType = sourcecode.c.h; path = Footer.h; sourceTree = "<group>"; };
		4EEB844C233DE0E200853E76 /* Footer.m */ = {isa = PBXFileReference; lastKnownFileType = sourcecode.c.objc; path = Footer.m; sourceTree = "<group>"; };
		4EEB8466233DF4FB00853E76 /* logo.png */ = {isa = PBXFileReference; lastKnownFileType = image.png; path = logo.png; sourceTree = "<group>"; };
		4EEB8468233E01A500853E76 /* goldbutton.png */ = {isa = PBXFileReference; lastKnownFileType = image.png; path = goldbutton.png; sourceTree = "<group>"; };
		4EEB846A233E08FC00853E76 /* backbtn.png */ = {isa = PBXFileReference; lastKnownFileType = image.png; path = backbtn.png; sourceTree = "<group>"; };
		4EEB846C233E0BC000853E76 /* phoneicon.png */ = {isa = PBXFileReference; lastKnownFileType = image.png; path = phoneicon.png; sourceTree = "<group>"; };
		4EEB846D233E0BC000853E76 /* addricon.png */ = {isa = PBXFileReference; lastKnownFileType = image.png; path = addricon.png; sourceTree = "<group>"; };
		4EEB84702340397D00853E76 /* launchscreen.png */ = {isa = PBXFileReference; lastKnownFileType = image.png; path = launchscreen.png; sourceTree = "<group>"; };
		4EEB8472234088C800853E76 /* loginWechat.png */ = {isa = PBXFileReference; lastKnownFileType = image.png; path = loginWechat.png; sourceTree = "<group>"; };
		4EEB84742340A2BD00853E76 /* regflow1.png */ = {isa = PBXFileReference; lastKnownFileType = image.png; path = regflow1.png; sourceTree = "<group>"; };
		4EEB84752340A2BD00853E76 /* regflow3.png */ = {isa = PBXFileReference; lastKnownFileType = image.png; path = regflow3.png; sourceTree = "<group>"; };
		4EEB84762340A2BD00853E76 /* regflow2.png */ = {isa = PBXFileReference; lastKnownFileType = image.png; path = regflow2.png; sourceTree = "<group>"; };
		4EEB847A2340A82500853E76 /* checked.png */ = {isa = PBXFileReference; lastKnownFileType = image.png; path = checked.png; sourceTree = "<group>"; };
		4EEB847B2340A82500853E76 /* unchecked.png */ = {isa = PBXFileReference; lastKnownFileType = image.png; path = unchecked.png; sourceTree = "<group>"; };
		4F5C992EEE80317650B01E46 /* Pods-Konnect.debug.xcconfig */ = {isa = PBXFileReference; includeInIndex = 1; lastKnownFileType = text.xcconfig; name = "Pods-Konnect.debug.xcconfig"; path = "Pods/Target Support Files/Pods-Konnect/Pods-Konnect.debug.xcconfig"; sourceTree = "<group>"; };
		DA1381E3CA395926B25DCB1F /* Pods-Konnect.release.xcconfig */ = {isa = PBXFileReference; includeInIndex = 1; lastKnownFileType = text.xcconfig; name = "Pods-Konnect.release.xcconfig"; path = "Pods/Target Support Files/Pods-Konnect/Pods-Konnect.release.xcconfig"; sourceTree = "<group>"; };
/* End PBXFileReference section */

/* Begin PBXFrameworksBuildPhase section */
		4E06572D231E7F9300884D79 /* Frameworks */ = {
			isa = PBXFrameworksBuildPhase;
			buildActionMask = 2147483647;
			files = (
				4EDB50C8239F9394004247CD /* AuthenticationServices.framework in Frameworks */,
				4E18D7B4234718F500039811 /* AudioToolbox.framework in Frameworks */,
				4E18D7AC2347041E00039811 /* AVFoundation.framework in Frameworks */,
				4E12D7AB2322CAC400D4A545 /* libsqlite3.tbd in Frameworks */,
				4E12D7AA2322CABD00D4A545 /* libz.tbd in Frameworks */,
				4E12D7A92322CA9F00D4A545 /* Foundation.framework in Frameworks */,
				4E12D7A72322CA7600D4A545 /* CFNetwork.framework in Frameworks */,
				4E12D7A32322C40F00D4A545 /* Security.framework in Frameworks */,
				4E12D7A52322C42000D4A545 /* CoreTelephony.framework in Frameworks */,
				4E12D79B2322C3D400D4A545 /* SystemConfiguration.framework in Frameworks */,
				A7E8B492323BA41D271DF613 /* libPods-Konnect.a in Frameworks */,
			);
			runOnlyForDeploymentPostprocessing = 0;
		};
/* End PBXFrameworksBuildPhase section */

/* Begin PBXGroup section */
		17698170654677E1CE5CBBD1 /* Pods */ = {
			isa = PBXGroup;
			children = (
				4F5C992EEE80317650B01E46 /* Pods-Konnect.debug.xcconfig */,
				DA1381E3CA395926B25DCB1F /* Pods-Konnect.release.xcconfig */,
			);
			name = Pods;
			sourceTree = "<group>";
		};
		4E065727231E7F9300884D79 = {
			isa = PBXGroup;
			children = (
				4EE24A3E23502EF200E2C651 /* GoogleService-Info.plist */,
				4E065732231E7F9300884D79 /* Konnect */,
				4E065731231E7F9300884D79 /* Products */,
				17698170654677E1CE5CBBD1 /* Pods */,
				51B92C03D2A0E89764118217 /* Frameworks */,
			);
			sourceTree = "<group>";
		};
		4E065731231E7F9300884D79 /* Products */ = {
			isa = PBXGroup;
			children = (
				4E065730231E7F9300884D79 /* Konnect.app */,
			);
			name = Products;
			sourceTree = "<group>";
		};
		4E065732231E7F9300884D79 /* Konnect */ = {
			isa = PBXGroup;
			children = (
				4E16724523781CA400F6FD8E /* Events */,
				4E9F7CD523757B6F005EB150 /* Coupons */,
				4E9F7CC523752ABB005EB150 /* Contact */,
				4E991C492374595200DEBE01 /* ServiceOffice */,
				4E9FBBE42350EAE7006890DB /* Facility */,
				4E9FBBDE23503B2A006890DB /* AuthKey_2R84QJ3BPG.p8 */,
				4E9FBBDD235036CA006890DB /* Konnect.entitlements */,
				4EC6212D2348F79300F4DCD9 /* Wallet */,
				4E18D7AD23470D4C00039811 /* My */,
				4E18D7A72347007D00039811 /* QRCode */,
				4E18D79E2345C04A00039811 /* Messages */,
				4EEB8444233B5D6E00853E76 /* Home */,
				4E12D7AC2322D36400D4A545 /* WX */,
				4E12D79923229C1400D4A545 /* images */,
				4E12D77E2320D50900D4A545 /* Login */,
				4E065733231E7F9300884D79 /* AppDelegate.h */,
				4E065734231E7F9300884D79 /* AppDelegate.m */,
				4E065736231E7F9300884D79 /* ViewController.h */,
				4E065737231E7F9300884D79 /* ViewController.m */,
				4E065739231E7F9300884D79 /* Main.storyboard */,
				4E06573C231E7F9A00884D79 /* Assets.xcassets */,
				4E06573E231E7F9A00884D79 /* LaunchScreen.storyboard */,
				4E065741231E7F9A00884D79 /* Info.plist */,
				4E065742231E7F9A00884D79 /* main.m */,
				4E12D78D23223A2F00D4A545 /* ORViewController.h */,
				4E12D78E23223A2F00D4A545 /* ORViewController.m */,
				4E12D79323225B8A00D4A545 /* const.h */,
				4EEB8448233CB36C00853E76 /* Header.h */,
				4EEB8449233CB36C00853E76 /* Header.m */,
				4EEB844B233DE0E200853E76 /* Footer.h */,
				4EEB844C233DE0E200853E76 /* Footer.m */,
				4E18D7C8234743C000039811 /* ORTableViewController.h */,
				4E18D7C9234743C000039811 /* ORTableViewController.m */,
				4E02E22A23727ABA0006379B /* ORWebViewController.h */,
				4E02E22B23727ABA0006379B /* ORWebViewController.m */,
			);
			path = Konnect;
			sourceTree = "<group>";
		};
		4E12D77E2320D50900D4A545 /* Login */ = {
			isa = PBXGroup;
			children = (
				4E12D77B2320D50200D4A545 /* Introduction.h */,
				4E12D77C2320D50200D4A545 /* Introduction.m */,
				4E12D7902322577F00D4A545 /* LoginOrReg.h */,
				4E12D7912322577F00D4A545 /* LoginOrReg.m */,
				4E12D794232297B900D4A545 /* RegisterViewController.h */,
				4E12D795232297B900D4A545 /* RegisterViewController.m */,
				4E3CA9FA2329F60300FE655B /* RegisterPassword.h */,
				4E3CA9FB2329F60300FE655B /* RegisterPassword.m */,
				4E167252237A503400F6FD8E /* AssoPIcker.h */,
				4E167253237A503400F6FD8E /* AssoPIcker.m */,
			);
			path = Login;
			sourceTree = "<group>";
		};
		4E12D79923229C1400D4A545 /* images */ = {
			isa = PBXGroup;
			children = (
				4E88652823D6B1A5009330CF /* membertierlegacy.png */,
				4E88652923D6B1A5009330CF /* membertiermember.png */,
				4E88652A23D6B1A6009330CF /* membertiervip.png */,
				4EEA626A238E50B90051A72D /* logo_qr-012.png */,
				4E16725E237BCAC400F6FD8E /* GoldBg.png */,
				4EEA6248238BA3470051A72D /* logo_qr-01.png */,
				4E6F69782355B34E003B52D3 /* wechatshare.png */,
				4E6F69762355B0DE003B52D3 /* phone.png */,
				4EE24A32234DD26B00E2C651 /* paybyali.png */,
				4EE24A31234DD26A00E2C651 /* paybywechat.png */,
				4EC621312349A47200F4DCD9 /* 300goldbg.png */,
				4E18D7BA23472D0F00039811 /* appointments.png */,
				4E18D7B923472D0F00039811 /* coupons.png */,
				4E18D7BD23472D1000039811 /* office.png */,
				4E18D7BB23472D1000039811 /* pointshistory.png */,
				4E18D7BC23472D1000039811 /* referral.png */,
				4E18D7BE23472D1000039811 /* waller.png */,
				4E18D7A22345D7E700039811 /* notificationicon.png */,
				4E18D79A2344567F00039811 /* conferenceicon.png */,
				4E18D7992344567F00039811 /* officeicon.png */,
				4E18D7982344567F00039811 /* restauranticon.png */,
				4E18D7932342F5F400039811 /* rightarrow.png */,
				4E18D7912342130800039811 /* normalmember.png */,
				4E02E22D237285490006379B /* LOGO */,
				4E18D7B7234728FB00039811 /* editinfo.png */,
				4E18D78F2341FAA300039811 /* backbtnwhite.png */,
				4EEB84742340A2BD00853E76 /* regflow1.png */,
				4EC621332349CC1800F4DCD9 /* barcode.png */,
				4EAE167423C1D08D0024E7FC /* cs-gold.png */,
				4EEB84762340A2BD00853E76 /* regflow2.png */,
				4E18D7832341EA5B00039811 /* logo-small.png */,
				4EEB84752340A2BD00853E76 /* regflow3.png */,
				4EEB84702340397D00853E76 /* launchscreen.png */,
				4EEB846D233E0BC000853E76 /* addricon.png */,
				4EEB8472234088C800853E76 /* loginWechat.png */,
				4EEB846C233E0BC000853E76 /* phoneicon.png */,
				4EC621352349D7FB00F4DCD9 /* dollaricon.png */,
				4EEB846A233E08FC00853E76 /* backbtn.png */,
				4EEB8468233E01A500853E76 /* goldbutton.png */,
				4E18D7892341EAA500039811 /* cs.png */,
				4E18D7872341EAA500039811 /* home.png */,
				4E18D7882341EAA500039811 /* me.png */,
				4E18D7862341EAA500039811 /* msg.png */,
				4E02E223237267710006379B /* intro2.png */,
				4E02E224237267720006379B /* intro3.png */,
				4E02E225237267720006379B /* intro4.png */,
				4E02E222237267710006379B /* intro5.png */,
				4E18D7852341EAA500039811 /* scanqr.png */,
				4E12D79723229B5000D4A545 /* icon64_appwx_logo.png */,
				4E02E220237267170006379B /* intro1.png */,
				4EEB8466233DF4FB00853E76 /* logo.png */,
				4EEB847A2340A82500853E76 /* checked.png */,
				4EEB847B2340A82500853E76 /* unchecked.png */,
			);
			path = images;
			sourceTree = "<group>";
		};
		4E12D7AC2322D36400D4A545 /* WX */ = {
			isa = PBXGroup;
			children = (
				4E12D7AD2322D38000D4A545 /* WXApiManager.m */,
				4E12D7AF2322D39700D4A545 /* WXApiManager.h */,
				4E3CA9F723248DE100FE655B /* KApiManager.m */,
				4E3CA9F923248DEA00FE655B /* KApiManager.h */,
			);
			path = WX;
			sourceTree = "<group>";
		};
		4E16724523781CA400F6FD8E /* Events */ = {
			isa = PBXGroup;
			children = (
				4E16724223781C9B00F6FD8E /* Events.h */,
				4E16724323781C9B00F6FD8E /* Events.m */,
				4E167246237847FD00F6FD8E /* EventDetails.h */,
				4E167247237847FD00F6FD8E /* EventDetails.m */,
				4EDB50C1239E66BF004247CD /* PastEventsList.h */,
				4EDB50C2239E66BF004247CD /* PastEventsList.m */,
				4EAE167C23C431080024E7FC /* EventList.h */,
				4EAE167D23C431080024E7FC /* EventList.m */,
			);
			path = Events;
			sourceTree = "<group>";
		};
		4E18D79E2345C04A00039811 /* Messages */ = {
			isa = PBXGroup;
			children = (
				4E18D79F2345C21700039811 /* MessageList.h */,
				4E18D7A02345C21700039811 /* MessageList.m */,
				4E18D7A42345FF3C00039811 /* MessageDetails.h */,
				4E18D7A52345FF3C00039811 /* MessageDetails.m */,
			);
			path = Messages;
			sourceTree = "<group>";
		};
		4E18D7A72347007D00039811 /* QRCode */ = {
			isa = PBXGroup;
			children = (
				4E18D7A8234700B400039811 /* ScanQR.h */,
				4E18D7A9234700B400039811 /* ScanQR.m */,
				4EE24A35234EE10100E2C651 /* ChargeQR.h */,
				4EE24A36234EE10100E2C651 /* ChargeQR.m */,
			);
			path = QRCode;
			sourceTree = "<group>";
		};
		4E18D7AD23470D4C00039811 /* My */ = {
			isa = PBXGroup;
			children = (
				4E18D7AE23470D6300039811 /* My.h */,
				4E18D7AF23470D6300039811 /* My.m */,
				4E18D7C52347429C00039811 /* EditInfo.h */,
				4E18D7C62347429C00039811 /* EditInfo.m */,
				4E9F7CD223757827005EB150 /* RefereralQR.h */,
				4E9F7CD323757827005EB150 /* RefereralQR.m */,
				4E1672492378EEBF00F6FD8E /* Reservations.h */,
				4E16724A2378EEBF00F6FD8E /* Reservations.m */,
				4EEA6245238B99A40051A72D /* JoinVIPForm.h */,
				4EEA6246238B99A40051A72D /* JoinVIPForm.m */,
			);
			path = My;
			sourceTree = "<group>";
		};
		4E991C492374595200DEBE01 /* ServiceOffice */ = {
			isa = PBXGroup;
			children = (
				4E991C4A2374596500DEBE01 /* ServiceOffice.h */,
				4E991C4B2374596500DEBE01 /* ServiceOffice.m */,
				4E9F7CC9237541A4005EB150 /* Invoices.h */,
				4E9F7CCA237541A4005EB150 /* Invoices.m */,
				4E9F7CCC237559E3005EB150 /* PastInvoices.h */,
				4E9F7CCD237559E3005EB150 /* PastInvoices.m */,
				4E9F7CCF237561DD005EB150 /* Invoice.h */,
				4E9F7CD0237561DD005EB150 /* Invoice.m */,
				4E1672332376617000F6FD8E /* Office.h */,
				4E1672342376617000F6FD8E /* Office.m */,
				4EEA624C238BC5FD0051A72D /* VirtualOffice.h */,
				4EEA624D238BC5FD0051A72D /* VirtualOffice.m */,
				4E167236237662A800F6FD8E /* Company.h */,
				4E167237237662A800F6FD8E /* Company.m */,
				4E1672392376943900F6FD8E /* SearchMeetingRoom.h */,
				4E16723A2376943900F6FD8E /* SearchMeetingRoom.m */,
				4E16724F237A4FF000F6FD8E /* BuyPrintQuota.h */,
				4E167250237A4FF000F6FD8E /* BuyPrintQuota.m */,
				4E167255237A72B600F6FD8E /* OfficeNotifications.h */,
				4E167256237A72B600F6FD8E /* OfficeNotifications.m */,
				4E167258237A9B3900F6FD8E /* MeetingRoomList.h */,
				4E167259237A9B3900F6FD8E /* MeetingRoomList.m */,
				4E16725B237AB24F00F6FD8E /* MeetingRoom.h */,
				4E16725C237AB24F00F6FD8E /* MeetingRoom.m */,
				4EEA624F238BC8970051A72D /* OfficePromo.h */,
				4EEA6250238BC8970051A72D /* OfficePromo.m */,
				4EEA6252238BCABE0051A72D /* ConceirgeService.h */,
				4EEA6253238BCABE0051A72D /* ConceirgeService.m */,
			);
			path = ServiceOffice;
			sourceTree = "<group>";
		};
		4E9F7CC523752ABB005EB150 /* Contact */ = {
			isa = PBXGroup;
			children = (
				4E9F7CC623752AD7005EB150 /* ContactUs.h */,
				4E9F7CC723752AD7005EB150 /* ContactUs.m */,
				4EEA6255238BCF530051A72D /* ContactOffice.h */,
				4EEA6256238BCF530051A72D /* ContactOffice.m */,
			);
			path = Contact;
			sourceTree = "<group>";
		};
		4E9F7CD523757B6F005EB150 /* Coupons */ = {
			isa = PBXGroup;
			children = (
				4E9F7CD623757B8C005EB150 /* Coupons.h */,
				4E9F7CD723757B8C005EB150 /* Coupons.m */,
			);
			path = Coupons;
			sourceTree = "<group>";
		};
		4E9FBBE42350EAE7006890DB /* Facility */ = {
			isa = PBXGroup;
			children = (
				4E9C0FAB23543C4A005285A4 /* ImageGallery.h */,
				4E9C0FAC23543C4A005285A4 /* ImageGallery.m */,
				4E9C0FA923543C3C005285A4 /* ImageZoomViewController.h */,
				4E9C0FA823543C3C005285A4 /* ImageZoomViewController.m */,
				4E9C0F9E2350EB46005285A4 /* Facility.h */,
				4E9C0F9F2350EB46005285A4 /* Facility.m */,
				4E9C0FA5235432E4005285A4 /* ImageList.h */,
				4E9C0FA6235432E4005285A4 /* ImageList.m */,
				4E9C0FAE23545984005285A4 /* Booking.h */,
				4E9C0FAF23545984005285A4 /* Booking.m */,
				4E02E22F2373E4300006379B /* FacilityList.h */,
				4E02E2302373E4300006379B /* FacilityList.m */,
			);
			path = Facility;
			sourceTree = "<group>";
		};
		4EC6212D2348F79300F4DCD9 /* Wallet */ = {
			isa = PBXGroup;
			children = (
				4EC6212E2348F89D00F4DCD9 /* Wallet.h */,
				4EC6212F2348F89D00F4DCD9 /* Wallet.m */,
				4EC62137234B038900F4DCD9 /* PaymentQR.h */,
				4EC62138234B038900F4DCD9 /* PaymentQR.m */,
				4EE24A2B234C7E7C00E2C651 /* PointsHistory.h */,
				4EE24A2C234C7E7C00E2C651 /* PointsHistory.m */,
				4EE24A2E234DBF6300E2C651 /* TopUp.h */,
				4EE24A2F234DBF6300E2C651 /* TopUp.m */,
				4EE24A38234F331E00E2C651 /* PaymentCode.h */,
				4EE24A39234F331E00E2C651 /* PaymentCode.m */,
				4EE24A3B234F34A600E2C651 /* PaymentCodeDigit.h */,
				4EE24A3C234F34A600E2C651 /* PaymentCodeDigit.m */,
			);
			path = Wallet;
			sourceTree = "<group>";
		};
		4EEB8444233B5D6E00853E76 /* Home */ = {
			isa = PBXGroup;
			children = (
				4E991C4D23745D8E00DEBE01 /* ORCarousel.h */,
				4E991C4E23745D8E00DEBE01 /* ORCarousel.m */,
				4EEB8445233B5D8100853E76 /* Home.h */,
				4EEB8446233B5D8100853E76 /* Home.m */,
				4E16723C2377ECE300F6FD8E /* KonnectNews.h */,
				4E16723D2377ECE300F6FD8E /* KonnectNews.m */,
				4E16723F2377F2BF00F6FD8E /* AboutKonnect.h */,
				4E1672402377F2BF00F6FD8E /* AboutKonnect.m */,
				4EDB50C4239E6EAE004247CD /* ReserveNow.h */,
				4EDB50C5239E6EAE004247CD /* ReserveNow.m */,
			);
			path = Home;
			sourceTree = "<group>";
		};
		51B92C03D2A0E89764118217 /* Frameworks */ = {
			isa = PBXGroup;
			children = (
				4EDB50C7239F9394004247CD /* AuthenticationServices.framework */,
				4E18D7B3234718F500039811 /* AudioToolbox.framework */,
				4E18D7B12347171B00039811 /* AVKit.framework */,
				4E18D7AB2347041E00039811 /* AVFoundation.framework */,
				4E12D7A82322CA9E00D4A545 /* Foundation.framework */,
				4E12D7A62322CA7600D4A545 /* CFNetwork.framework */,
				4E12D7A42322C42000D4A545 /* CoreTelephony.framework */,
				4E12D7A22322C40E00D4A545 /* Security.framework */,
				4E12D7A02322C40400D4A545 /* libc++.tbd */,
				4E12D79E2322C3F700D4A545 /* libz.tbd */,
				4E12D79C2322C3EE00D4A545 /* libsqlite3.tbd */,
				4E12D79A2322C3D400D4A545 /* SystemConfiguration.framework */,
				4E12D7872320D93E00D4A545 /* README.txt */,
				34FD912634EDD106C1F02E44 /* libPods-Konnect.a */,
			);
			name = Frameworks;
			sourceTree = "<group>";
		};
/* End PBXGroup section */

/* Begin PBXNativeTarget section */
		4E06572F231E7F9300884D79 /* Konnect */ = {
			isa = PBXNativeTarget;
			buildConfigurationList = 4E065746231E7F9A00884D79 /* Build configuration list for PBXNativeTarget "Konnect" */;
			buildPhases = (
				384BB0FD725EC1F0B641F5ED /* [CP] Check Pods Manifest.lock */,
				4E06572C231E7F9300884D79 /* Sources */,
				4E06572D231E7F9300884D79 /* Frameworks */,
				4E06572E231E7F9300884D79 /* Resources */,
				4E9C0FA12350ECB5005285A4 /* ShellScript */,
			);
			buildRules = (
			);
			dependencies = (
			);
			name = Konnect;
			productName = Konnect;
			productReference = 4E065730231E7F9300884D79 /* Konnect.app */;
			productType = "com.apple.product-type.application";
		};
/* End PBXNativeTarget section */

/* Begin PBXProject section */
		4E065728231E7F9300884D79 /* Project object */ = {
			isa = PBXProject;
			attributes = {
				LastUpgradeCheck = 1030;
				ORGANIZATIONNAME = "Jacky Mok";
				TargetAttributes = {
					4E06572F231E7F9300884D79 = {
						CreatedOnToolsVersion = 10.3;
						SystemCapabilities = {
							com.apple.AutoFillCredentialProvider = {
								enabled = 1;
							};
							com.apple.Push = {
								enabled = 1;
							};
						};
					};
				};
			};
			buildConfigurationList = 4E06572B231E7F9300884D79 /* Build configuration list for PBXProject "Konnect" */;
			compatibilityVersion = "Xcode 9.3";
			developmentRegion = en;
			hasScannedForEncodings = 0;
			knownRegions = (
				en,
				Base,
			);
			mainGroup = 4E065727231E7F9300884D79;
			productRefGroup = 4E065731231E7F9300884D79 /* Products */;
			projectDirPath = "";
			projectRoot = "";
			targets = (
				4E06572F231E7F9300884D79 /* Konnect */,
			);
		};
/* End PBXProject section */

/* Begin PBXResourcesBuildPhase section */
		4E06572E231E7F9300884D79 /* Resources */ = {
			isa = PBXResourcesBuildPhase;
			buildActionMask = 2147483647;
			files = (
				4E065740231E7F9A00884D79 /* LaunchScreen.storyboard in Resources */,
				4E18D7B8234728FB00039811 /* editinfo.png in Resources */,
				4E18D7C223472D1000039811 /* referral.png in Resources */,
				4EE24A34234DD26B00E2C651 /* paybyali.png in Resources */,
				4EEB8467233DF4FB00853E76 /* logo.png in Resources */,
				4EEA626B238E50BA0051A72D /* logo_qr-012.png in Resources */,
				4EC621362349D7FB00F4DCD9 /* dollaricon.png in Resources */,
				4EEA6249238BA3470051A72D /* logo_qr-01.png in Resources */,
				4E18D79C2344567F00039811 /* officeicon.png in Resources */,
				4E18D7C123472D1000039811 /* pointshistory.png in Resources */,
				4E18D78E2341EAA600039811 /* cs.png in Resources */,
				4EEB846B233E08FC00853E76 /* backbtn.png in Resources */,
				4E06573D231E7F9A00884D79 /* Assets.xcassets in Resources */,
				4E18D7902341FAA300039811 /* backbtnwhite.png in Resources */,
				4E18D78A2341EAA600039811 /* scanqr.png in Resources */,
				4E18D78C2341EAA600039811 /* home.png in Resources */,
				4EC621322349A47200F4DCD9 /* 300goldbg.png in Resources */,
				4E18D7C023472D1000039811 /* appointments.png in Resources */,
				4E02E226237267720006379B /* intro5.png in Resources */,
				4E12D79823229B5000D4A545 /* icon64_appwx_logo.png in Resources */,
				4EAE167523C1D08E0024E7FC /* cs-gold.png in Resources */,
				4E88652C23D6B1A6009330CF /* membertiermember.png in Resources */,
				4E6F69792355B34E003B52D3 /* wechatshare.png in Resources */,
				4E02E227237267720006379B /* intro2.png in Resources */,
				4E6F69772355B0DF003B52D3 /* phone.png in Resources */,
				4E18D7C423472D1000039811 /* waller.png in Resources */,
				4E18D7C323472D1000039811 /* office.png in Resources */,
				4EE24A33234DD26B00E2C651 /* paybywechat.png in Resources */,
				4E18D7922342130800039811 /* normalmember.png in Resources */,
				4E18D79B2344567F00039811 /* restauranticon.png in Resources */,
				4E9FBBDF23503B2A006890DB /* AuthKey_2R84QJ3BPG.p8 in Resources */,
				4EEB84712340397D00853E76 /* launchscreen.png in Resources */,
				4E02E221237267180006379B /* intro1.png in Resources */,
				4E18D79D2344567F00039811 /* conferenceicon.png in Resources */,
				4E02E228237267720006379B /* intro3.png in Resources */,
				4E88652D23D6B1A6009330CF /* membertiervip.png in Resources */,
				4E16725F237BCAC500F6FD8E /* GoldBg.png in Resources */,
				4EEB84782340A2BD00853E76 /* regflow3.png in Resources */,
				4EEB84792340A2BD00853E76 /* regflow2.png in Resources */,
				4EEB846E233E0BC000853E76 /* phoneicon.png in Resources */,
				4E18D7942342F5F400039811 /* rightarrow.png in Resources */,
				4EEB847D2340A82500853E76 /* unchecked.png in Resources */,
				4E18D78D2341EAA600039811 /* me.png in Resources */,
				4E02E229237267720006379B /* intro4.png in Resources */,
				4EEB8469233E01A500853E76 /* goldbutton.png in Resources */,
				4EEB846F233E0BC000853E76 /* addricon.png in Resources */,
				4E18D78B2341EAA600039811 /* msg.png in Resources */,
				4EE24A3F23502EF200E2C651 /* GoogleService-Info.plist in Resources */,
				4EEB84772340A2BD00853E76 /* regflow1.png in Resources */,
				4E18D7BF23472D1000039811 /* coupons.png in Resources */,
				4E12D7892320D93E00D4A545 /* README.txt in Resources */,
				4E06573B231E7F9300884D79 /* Main.storyboard in Resources */,
				4EC621342349CC1800F4DCD9 /* barcode.png in Resources */,
				4E18D7842341EA5B00039811 /* logo-small.png in Resources */,
				4EEB847C2340A82500853E76 /* checked.png in Resources */,
				4E88652B23D6B1A6009330CF /* membertierlegacy.png in Resources */,
				4E02E22E2372854A0006379B /* LOGO in Resources */,
				4EEB8473234088C800853E76 /* loginWechat.png in Resources */,
				4E18D7A32345D7E700039811 /* notificationicon.png in Resources */,
			);
			runOnlyForDeploymentPostprocessing = 0;
		};
/* End PBXResourcesBuildPhase section */

/* Begin PBXShellScriptBuildPhase section */
		384BB0FD725EC1F0B641F5ED /* [CP] Check Pods Manifest.lock */ = {
			isa = PBXShellScriptBuildPhase;
			buildActionMask = 2147483647;
			files = (
			);
			inputPaths = (
				"${PODS_PODFILE_DIR_PATH}/Podfile.lock",
				"${PODS_ROOT}/Manifest.lock",
			);
			name = "[CP] Check Pods Manifest.lock";
			outputPaths = (
				"$(DERIVED_FILE_DIR)/Pods-Konnect-checkManifestLockResult.txt",
			);
			runOnlyForDeploymentPostprocessing = 0;
			shellPath = /bin/sh;
			shellScript = "diff \"${PODS_PODFILE_DIR_PATH}/Podfile.lock\" \"${PODS_ROOT}/Manifest.lock\" > /dev/null\nif [ $? != 0 ] ; then\n    # print error to STDERR\n    echo \"error: The sandbox is not in sync with the Podfile.lock. Run 'pod install' or update your CocoaPods installation.\" >&2\n    exit 1\nfi\n# This output is used by Xcode 'outputs' to avoid re-running this script phase.\necho \"SUCCESS\" > \"${SCRIPT_OUTPUT_FILE_0}\"\n";
			showEnvVarsInLog = 0;
		};
		4E9C0FA12350ECB5005285A4 /* ShellScript */ = {
			isa = PBXShellScriptBuildPhase;
			buildActionMask = 2147483647;
			files = (
			);
			inputFileListPaths = (
			);
			inputPaths = (
				"$(SRCROOT)/$(BUILT_PRODUCTS_DIR)/$(INFOPLIST_PATH)",
			);
			outputFileListPaths = (
			);
			outputPaths = (
			);
			runOnlyForDeploymentPostprocessing = 0;
			shellPath = /bin/sh;
			shellScript = "# Type a script or drag a script file from your workspace to insert its path.\n\"${PODS_ROOT}/Fabric/run\"\n";
		};
/* End PBXShellScriptBuildPhase section */

/* Begin PBXSourcesBuildPhase section */
		4E06572C231E7F9300884D79 /* Sources */ = {
			isa = PBXSourcesBuildPhase;
			buildActionMask = 2147483647;
			files = (
				4E065738231E7F9300884D79 /* ViewController.m in Sources */,
				4E167248237847FD00F6FD8E /* EventDetails.m in Sources */,
				4E12D78F23223A2F00D4A545 /* ORViewController.m in Sources */,
				4EC621302348F89D00F4DCD9 /* Wallet.m in Sources */,
				4EE24A37234EE10100E2C651 /* ChargeQR.m in Sources */,
				4EEB8447233B5D8200853E76 /* Home.m in Sources */,
				4E991C4F23745D8E00DEBE01 /* ORCarousel.m in Sources */,
				4E12D7922322577F00D4A545 /* LoginOrReg.m in Sources */,
				4E16724423781C9B00F6FD8E /* Events.m in Sources */,
				4E167251237A4FF000F6FD8E /* BuyPrintQuota.m in Sources */,
				4E9C0FA7235432E4005285A4 /* ImageList.m in Sources */,
				4E18D7AA234700B400039811 /* ScanQR.m in Sources */,
				4EEB844A233CB36C00853E76 /* Header.m in Sources */,
				4EEB844D233DE0E200853E76 /* Footer.m in Sources */,
				4E18D7B023470D6300039811 /* My.m in Sources */,
				4E991C4C2374596500DEBE01 /* ServiceOffice.m in Sources */,
				4EEA6251238BC8970051A72D /* OfficePromo.m in Sources */,
				4E9F7CCB237541A4005EB150 /* Invoices.m in Sources */,
				4EC62139234B038900F4DCD9 /* PaymentQR.m in Sources */,
				4E9C0FAD23543C4B005285A4 /* ImageGallery.m in Sources */,
				4E9C0FB023545984005285A4 /* Booking.m in Sources */,
				4E16723E2377ECE300F6FD8E /* KonnectNews.m in Sources */,
				4E18D7A62345FF3D00039811 /* MessageDetails.m in Sources */,
				4EEA6254238BCABE0051A72D /* ConceirgeService.m in Sources */,
				4E18D7A12345C21700039811 /* MessageList.m in Sources */,
				4EEA6247238B99A40051A72D /* JoinVIPForm.m in Sources */,
				4E3CA9FC2329F60300FE655B /* RegisterPassword.m in Sources */,
				4E167238237662A800F6FD8E /* Company.m in Sources */,
				4E12D77D2320D50200D4A545 /* Introduction.m in Sources */,
				4E1672352376617000F6FD8E /* Office.m in Sources */,
				4E9F7CCE237559E3005EB150 /* PastInvoices.m in Sources */,
				4EEA624E238BC5FD0051A72D /* VirtualOffice.m in Sources */,
				4E02E2312373E4300006379B /* FacilityList.m in Sources */,
				4E12D796232297B900D4A545 /* RegisterViewController.m in Sources */,
				4E12D7AE2322D38000D4A545 /* WXApiManager.m in Sources */,
				4EE24A3A234F331E00E2C651 /* PaymentCode.m in Sources */,
				4EDB50C3239E66BF004247CD /* PastEventsList.m in Sources */,
				4EE24A2D234C7E7C00E2C651 /* PointsHistory.m in Sources */,
				4EAE167E23C431080024E7FC /* EventList.m in Sources */,
				4E065743231E7F9A00884D79 /* main.m in Sources */,
				4EEA6257238BCF530051A72D /* ContactOffice.m in Sources */,
				4E16724B2378EEBF00F6FD8E /* Reservations.m in Sources */,
				4EE24A30234DBF6300E2C651 /* TopUp.m in Sources */,
				4E02E22C23727ABA0006379B /* ORWebViewController.m in Sources */,
				4E9F7CD1237561DD005EB150 /* Invoice.m in Sources */,
				4E065735231E7F9300884D79 /* AppDelegate.m in Sources */,
				4E167254237A503400F6FD8E /* AssoPIcker.m in Sources */,
				4EDB50C6239E6EAE004247CD /* ReserveNow.m in Sources */,
				4E9C0FA02350EB46005285A4 /* Facility.m in Sources */,
				4E9F7CC823752AD7005EB150 /* ContactUs.m in Sources */,
				4EE24A3D234F34A600E2C651 /* PaymentCodeDigit.m in Sources */,
				4E9F7CD423757827005EB150 /* RefereralQR.m in Sources */,
				4E16723B2376943900F6FD8E /* SearchMeetingRoom.m in Sources */,
				4E1672412377F2BF00F6FD8E /* AboutKonnect.m in Sources */,
				4E16725D237AB24F00F6FD8E /* MeetingRoom.m in Sources */,
				4E167257237A72B600F6FD8E /* OfficeNotifications.m in Sources */,
				4E9F7CD823757B8C005EB150 /* Coupons.m in Sources */,
				4E16725A237A9B3900F6FD8E /* MeetingRoomList.m in Sources */,
				4E18D7C72347429C00039811 /* EditInfo.m in Sources */,
				4E9C0FAA23543C3C005285A4 /* ImageZoomViewController.m in Sources */,
				4E18D7CA234743C000039811 /* ORTableViewController.m in Sources */,
				4E3CA9F823248DE100FE655B /* KApiManager.m in Sources */,
			);
			runOnlyForDeploymentPostprocessing = 0;
		};
/* End PBXSourcesBuildPhase section */

/* Begin PBXVariantGroup section */
		4E065739231E7F9300884D79 /* Main.storyboard */ = {
			isa = PBXVariantGroup;
			children = (
				4E06573A231E7F9300884D79 /* Base */,
			);
			name = Main.storyboard;
			sourceTree = "<group>";
		};
		4E06573E231E7F9A00884D79 /* LaunchScreen.storyboard */ = {
			isa = PBXVariantGroup;
			children = (
				4E06573F231E7F9A00884D79 /* Base */,
			);
			name = LaunchScreen.storyboard;
			sourceTree = "<group>";
		};
/* End PBXVariantGroup section */

/* Begin XCBuildConfiguration section */
		4E065744231E7F9A00884D79 /* Debug */ = {
			isa = XCBuildConfiguration;
			buildSettings = {
				ALWAYS_SEARCH_USER_PATHS = NO;
				CLANG_ANALYZER_NONNULL = YES;
				CLANG_ANALYZER_NUMBER_OBJECT_CONVERSION = YES_AGGRESSIVE;
				CLANG_CXX_LANGUAGE_STANDARD = "gnu++14";
				CLANG_CXX_LIBRARY = "libc++";
				CLANG_ENABLE_MODULES = YES;
				CLANG_ENABLE_OBJC_ARC = YES;
				CLANG_ENABLE_OBJC_WEAK = YES;
				CLANG_WARN_BLOCK_CAPTURE_AUTORELEASING = YES;
				CLANG_WARN_BOOL_CONVERSION = YES;
				CLANG_WARN_COMMA = YES;
				CLANG_WARN_CONSTANT_CONVERSION = YES;
				CLANG_WARN_DEPRECATED_OBJC_IMPLEMENTATIONS = YES;
				CLANG_WARN_DIRECT_OBJC_ISA_USAGE = YES_ERROR;
				CLANG_WARN_DOCUMENTATION_COMMENTS = YES;
				CLANG_WARN_EMPTY_BODY = YES;
				CLANG_WARN_ENUM_CONVERSION = YES;
				CLANG_WARN_INFINITE_RECURSION = YES;
				CLANG_WARN_INT_CONVERSION = YES;
				CLANG_WARN_NON_LITERAL_NULL_CONVERSION = YES;
				CLANG_WARN_OBJC_IMPLICIT_RETAIN_SELF = YES;
				CLANG_WARN_OBJC_LITERAL_CONVERSION = YES;
				CLANG_WARN_OBJC_ROOT_CLASS = YES_ERROR;
				CLANG_WARN_RANGE_LOOP_ANALYSIS = YES;
				CLANG_WARN_STRICT_PROTOTYPES = YES;
				CLANG_WARN_SUSPICIOUS_MOVE = YES;
				CLANG_WARN_UNGUARDED_AVAILABILITY = YES_AGGRESSIVE;
				CLANG_WARN_UNREACHABLE_CODE = YES;
				CLANG_WARN__DUPLICATE_METHOD_MATCH = YES;
				CODE_SIGN_IDENTITY = "iPhone Developer";
				COPY_PHASE_STRIP = NO;
				DEBUG_INFORMATION_FORMAT = dwarf;
				ENABLE_STRICT_OBJC_MSGSEND = YES;
				ENABLE_TESTABILITY = YES;
				GCC_C_LANGUAGE_STANDARD = gnu11;
				GCC_DYNAMIC_NO_PIC = NO;
				GCC_NO_COMMON_BLOCKS = YES;
				GCC_OPTIMIZATION_LEVEL = 0;
				GCC_PREPROCESSOR_DEFINITIONS = (
					"DEBUG=1",
					"$(inherited)",
				);
				GCC_WARN_64_TO_32_BIT_CONVERSION = YES;
				GCC_WARN_ABOUT_RETURN_TYPE = YES_ERROR;
				GCC_WARN_UNDECLARED_SELECTOR = YES;
				GCC_WARN_UNINITIALIZED_AUTOS = YES_AGGRESSIVE;
				GCC_WARN_UNUSED_FUNCTION = YES;
				GCC_WARN_UNUSED_VARIABLE = YES;
				IPHONEOS_DEPLOYMENT_TARGET = 12.4;
				MTL_ENABLE_DEBUG_INFO = INCLUDE_SOURCE;
				MTL_FAST_MATH = YES;
				ONLY_ACTIVE_ARCH = YES;
				SDKROOT = iphoneos;
			};
			name = Debug;
		};
		4E065745231E7F9A00884D79 /* Release */ = {
			isa = XCBuildConfiguration;
			buildSettings = {
				ALWAYS_SEARCH_USER_PATHS = NO;
				CLANG_ANALYZER_NONNULL = YES;
				CLANG_ANALYZER_NUMBER_OBJECT_CONVERSION = YES_AGGRESSIVE;
				CLANG_CXX_LANGUAGE_STANDARD = "gnu++14";
				CLANG_CXX_LIBRARY = "libc++";
				CLANG_ENABLE_MODULES = YES;
				CLANG_ENABLE_OBJC_ARC = YES;
				CLANG_ENABLE_OBJC_WEAK = YES;
				CLANG_WARN_BLOCK_CAPTURE_AUTORELEASING = YES;
				CLANG_WARN_BOOL_CONVERSION = YES;
				CLANG_WARN_COMMA = YES;
				CLANG_WARN_CONSTANT_CONVERSION = YES;
				CLANG_WARN_DEPRECATED_OBJC_IMPLEMENTATIONS = YES;
				CLANG_WARN_DIRECT_OBJC_ISA_USAGE = YES_ERROR;
				CLANG_WARN_DOCUMENTATION_COMMENTS = YES;
				CLANG_WARN_EMPTY_BODY = YES;
				CLANG_WARN_ENUM_CONVERSION = YES;
				CLANG_WARN_INFINITE_RECURSION = YES;
				CLANG_WARN_INT_CONVERSION = YES;
				CLANG_WARN_NON_LITERAL_NULL_CONVERSION = YES;
				CLANG_WARN_OBJC_IMPLICIT_RETAIN_SELF = YES;
				CLANG_WARN_OBJC_LITERAL_CONVERSION = YES;
				CLANG_WARN_OBJC_ROOT_CLASS = YES_ERROR;
				CLANG_WARN_RANGE_LOOP_ANALYSIS = YES;
				CLANG_WARN_STRICT_PROTOTYPES = YES;
				CLANG_WARN_SUSPICIOUS_MOVE = YES;
				CLANG_WARN_UNGUARDED_AVAILABILITY = YES_AGGRESSIVE;
				CLANG_WARN_UNREACHABLE_CODE = YES;
				CLANG_WARN__DUPLICATE_METHOD_MATCH = YES;
				CODE_SIGN_IDENTITY = "iPhone Developer";
				COPY_PHASE_STRIP = NO;
				DEBUG_INFORMATION_FORMAT = "dwarf-with-dsym";
				ENABLE_NS_ASSERTIONS = NO;
				ENABLE_STRICT_OBJC_MSGSEND = YES;
				GCC_C_LANGUAGE_STANDARD = gnu11;
				GCC_NO_COMMON_BLOCKS = YES;
				GCC_WARN_64_TO_32_BIT_CONVERSION = YES;
				GCC_WARN_ABOUT_RETURN_TYPE = YES_ERROR;
				GCC_WARN_UNDECLARED_SELECTOR = YES;
				GCC_WARN_UNINITIALIZED_AUTOS = YES_AGGRESSIVE;
				GCC_WARN_UNUSED_FUNCTION = YES;
				GCC_WARN_UNUSED_VARIABLE = YES;
				IPHONEOS_DEPLOYMENT_TARGET = 12.4;
				MTL_ENABLE_DEBUG_INFO = NO;
				MTL_FAST_MATH = YES;
				SDKROOT = iphoneos;
				VALIDATE_PRODUCT = YES;
			};
			name = Release;
		};
		4E065747231E7F9A00884D79 /* Debug */ = {
			isa = XCBuildConfiguration;
			baseConfigurationReference = 4F5C992EEE80317650B01E46 /* Pods-Konnect.debug.xcconfig */;
			buildSettings = {
				ASSETCATALOG_COMPILER_APPICON_NAME = AppIcon;
				CODE_SIGN_ENTITLEMENTS = Konnect/Konnect.entitlements;
				CODE_SIGN_STYLE = Automatic;
				DEVELOPMENT_TEAM = M494YMQJZM;
				INFOPLIST_FILE = Konnect/Info.plist;
				IPHONEOS_DEPLOYMENT_TARGET = 12.4;
				LD_RUNPATH_SEARCH_PATHS = (
					"$(inherited)",
					"@executable_path/Frameworks",
				);
				LIBRARY_SEARCH_PATHS = (
					"$(inherited)",
					"$(PROJECT_DIR)",
				);
				MARKETING_VERSION = 1.10;
				OTHER_LDFLAGS = (
					"$(inherited)",
					"-ObjC",
					"-ObjC",
					"-all_load",
					"-l\"c++\"",
					"-l\"sqlite3.0\"",
					"-l\"z\"",
					"-framework",
					"\"CFNetwork\"",
					"-framework",
					"\"CoreTelephony\"",
					"-framework",
					"\"Security\"",
					"-framework",
					"\"SystemConfiguration\"",
					"-framework",
					"\"UIKit\"",
				);
				PRODUCT_BUNDLE_IDENTIFIER = com.ormediagroup.konnect;
				PRODUCT_NAME = "$(TARGET_NAME)";
				TARGETED_DEVICE_FAMILY = 1;
			};
			name = Debug;
		};
		4E065748231E7F9A00884D79 /* Release */ = {
			isa = XCBuildConfiguration;
			baseConfigurationReference = DA1381E3CA395926B25DCB1F /* Pods-Konnect.release.xcconfig */;
			buildSettings = {
				ASSETCATALOG_COMPILER_APPICON_NAME = AppIcon;
				CODE_SIGN_ENTITLEMENTS = Konnect/Konnect.entitlements;
				CODE_SIGN_STYLE = Automatic;
				DEVELOPMENT_TEAM = M494YMQJZM;
				INFOPLIST_FILE = Konnect/Info.plist;
				IPHONEOS_DEPLOYMENT_TARGET = 12.4;
				LD_RUNPATH_SEARCH_PATHS = (
					"$(inherited)",
					"@executable_path/Frameworks",
				);
				LIBRARY_SEARCH_PATHS = (
					"$(inherited)",
					"$(PROJECT_DIR)",
				);
				MARKETING_VERSION = 1.10;
				OTHER_LDFLAGS = (
					"$(inherited)",
					"-ObjC",
					"-all_load",
					"-l\"WeChatSDK\"",
					"-l\"c++\"",
					"-l\"sqlite3.0\"",
					"-l\"z\"",
					"-framework",
					"\"CFNetwork\"",
					"-framework",
					"\"CoreTelephony\"",
					"-framework",
					"\"Security\"",
					"-framework",
					"\"SystemConfiguration\"",
					"-framework",
					"\"UIKit\"",
				);
				PRODUCT_BUNDLE_IDENTIFIER = com.ormediagroup.konnect;
				PRODUCT_NAME = "$(TARGET_NAME)";
				TARGETED_DEVICE_FAMILY = 1;
			};
			name = Release;
		};
/* End XCBuildConfiguration section */

/* Begin XCConfigurationList section */
		4E06572B231E7F9300884D79 /* Build configuration list for PBXProject "Konnect" */ = {
			isa = XCConfigurationList;
			buildConfigurations = (
				4E065744231E7F9A00884D79 /* Debug */,
				4E065745231E7F9A00884D79 /* Release */,
			);
			defaultConfigurationIsVisible = 0;
			defaultConfigurationName = Release;
		};
		4E065746231E7F9A00884D79 /* Build configuration list for PBXNativeTarget "Konnect" */ = {
			isa = XCConfigurationList;
			buildConfigurations = (
				4E065747231E7F9A00884D79 /* Debug */,
				4E065748231E7F9A00884D79 /* Release */,
			);
			defaultConfigurationIsVisible = 0;
			defaultConfigurationName = Release;
		};
/* End XCConfigurationList section */
	};
	rootObject = 4E065728231E7F9300884D79 /* Project object */;
}
